
Microsoft Visual Studio Solution File, Format Version 12.00
# Visual Studio 14
VisualStudioVersion = 14.0.25123.0
MinimumVisualStudioVersion = 10.0.40219.1
Project("{FAE04EC0-301F-11D3-BF4B-00C04F79EFBC}") = "SimpleVoiceDeliverService", "SimpleVoiceReliverService\SimpleVoiceDeliverService.csproj", "{22943E70-3DD6-4439-94F3-72F62DB4722C}"
EndProject
Project("{FAE04EC0-301F-11D3-BF4B-00C04F79EFBC}") = "DeliverServer", "DeliverServer\DeliverServer.csproj", "{E8CF3FFE-7F30-4F68-9A38-1AF5F1BDA3F2}"
EndProject
Project("{FAE04EC0-301F-11D3-BF4B-00C04F79EFBC}") = "VoiceRecorder", "VoiceRecorder\VoiceRecorder.csproj", "{D3C8D58D-03ED-425D-ACD8-4148F603BE8A}"
EndProject
Project("{FAE04EC0-301F-11D3-BF4B-00C04F79EFBC}") = "TypeScriptWebSocketClient", "TypeScriptWebSocketClient\TypeScriptWebSocketClient.csproj", "{3F66159F-707E-4363-99C0-9F8B8FE382E1}"
EndProject
Project("{FAE04EC0-301F-11D3-BF4B-00C04F79EFBC}") = "ClientTest", "ClientTest\ClientTest.csproj", "{1215553B-4E22-457D-A146-57BE0AC9F56E}"
EndProject
Project("{FAE04EC0-301F-11D3-BF4B-00C04F79EFBC}") = "SenderClientTest", "SenderClientTeset\SenderClientTest.csproj", "{AC3BF28A-09D2-41F6-A9DB-FC098AAB5D5C}"
EndProject
Project("{FAE04EC0-301F-11D3-BF4B-00C04F79EFBC}") = "NSpeex", "NSpeex\NSpeex.csproj", "{B084CD9F-263F-4106-B049-A244AB880B05}"
EndProject
Project("{FAE04EC0-301F-11D3-BF4B-00C04F79EFBC}") = "NSpeex.Droid", "NSpeex.Droid\NSpeex.Droid.csproj", "{07515A24-7490-4319-99EE-4591357F9FE8}"
EndProject
Project("{FAE04EC0-301F-11D3-BF4B-00C04F79EFBC}") = "NSpeex.Touch", "NSpeex.Touch\NSpeex.Touch.csproj", "{7AC96E0D-9415-4332-AF62-BD3390D5E7A8}"
EndProject
Project("{FAE04EC0-301F-11D3-BF4B-00C04F79EFBC}") = "NSpeex.Decoder", "NSpeex.Decoder\NSpeex.Decoder.csproj", "{A9784939-EF6C-4A04-A96A-17507B694262}"
EndProject
Project("{FAE04EC0-301F-11D3-BF4B-00C04F79EFBC}") = "NSpeex.Reactive", "NSpeex.Reactive\NSpeex.Reactive.csproj", "{4AF25AEA-CBD5-4CF9-9703-6016FDCDD971}"
EndProject
Project("{FAE04EC0-301F-11D3-BF4B-00C04F79EFBC}") = "NSpeex.Reactive.Droid", "NSpeex.Reactive.Droid\NSpeex.Reactive.Droid.csproj", "{86DA7302-028D-42E9-ABEE-B451C1CABF8A}"
EndProject
Project("{FAE04EC0-301F-11D3-BF4B-00C04F79EFBC}") = "SoundCapture.Reactive.Pcl", "SoundCapture.Reactive.Pcl\SoundCapture.Reactive.Pcl.csproj", "{23BD4695-1870-4F9A-B573-19173F2ACCC2}"
EndProject
Project("{FAE04EC0-301F-11D3-BF4B-00C04F79EFBC}") = "SoundCapture.Reactive.Droid", "SoundCapture.Reactive.Droid\SoundCapture.Reactive.Droid.csproj", "{F527EACC-4C07-4F42-BB6B-0FE396E48416}"
EndProject
Project("{FAE04EC0-301F-11D3-BF4B-00C04F79EFBC}") = "SoundCapture.Reactive.Droid.Test", "SoundCapture.Reactive.Droid.Test\SoundCapture.Reactive.Droid.Test.csproj", "{F8BB32D6-83B6-44B7-9898-7308BBDB27F8}"
EndProject
Project("{FAE04EC0-301F-11D3-BF4B-00C04F79EFBC}") = "SoundCapture.Reactive", "SoundCapture.Reactive\SoundCapture.Reactive.csproj", "{BDE63E22-D218-47CF-B3BD-6AA87813C89D}"
EndProject
Project("{FAE04EC0-301F-11D3-BF4B-00C04F79EFBC}") = "SoundCapture.Reactive.Touch", "SoundCapture.Reactive.Touch\SoundCapture.Reactive.Touch.csproj", "{29E08C53-99CE-424E-9DD5-8BD0AA18B653}"
EndProject
Project("{FAE04EC0-301F-11D3-BF4B-00C04F79EFBC}") = "SoundCapture.Reactive.Touch.Test", "SoundCapture.Reactive.Touch.Test\SoundCapture.Reactive.Touch.Test.csproj", "{D095781B-B1B6-4FA5-B075-0E68C6D8A907}"
EndProject
Project("{FAE04EC0-301F-11D3-BF4B-00C04F79EFBC}") = "NSpeex.Reactive.Touch", "NSpeex.Reactive.Touch\NSpeex.Reactive.Touch.csproj", "{FE568800-69C0-4E1A-88B5-12941A50FC77}"
EndProject
Global
	GlobalSection(SolutionConfigurationPlatforms) = preSolution
		Ad-Hoc|Any CPU = Ad-Hoc|Any CPU
		Ad-Hoc|ARM = Ad-Hoc|ARM
		Ad-Hoc|iPhone = Ad-Hoc|iPhone
		Ad-Hoc|iPhoneSimulator = Ad-Hoc|iPhoneSimulator
		Ad-Hoc|x64 = Ad-Hoc|x64
		Ad-Hoc|x86 = Ad-Hoc|x86
		AppStore|Any CPU = AppStore|Any CPU
		AppStore|ARM = AppStore|ARM
		AppStore|iPhone = AppStore|iPhone
		AppStore|iPhoneSimulator = AppStore|iPhoneSimulator
		AppStore|x64 = AppStore|x64
		AppStore|x86 = AppStore|x86
		Debug|Any CPU = Debug|Any CPU
		Debug|ARM = Debug|ARM
		Debug|iPhone = Debug|iPhone
		Debug|iPhoneSimulator = Debug|iPhoneSimulator
		Debug|x64 = Debug|x64
		Debug|x86 = Debug|x86
		Release|Any CPU = Release|Any CPU
		Release|ARM = Release|ARM
		Release|iPhone = Release|iPhone
		Release|iPhoneSimulator = Release|iPhoneSimulator
		Release|x64 = Release|x64
		Release|x86 = Release|x86
	EndGlobalSection
	GlobalSection(ProjectConfigurationPlatforms) = postSolution
		{22943E70-3DD6-4439-94F3-72F62DB4722C}.Ad-Hoc|Any CPU.ActiveCfg = Release|Any CPU
		{22943E70-3DD6-4439-94F3-72F62DB4722C}.Ad-Hoc|Any CPU.Build.0 = Release|Any CPU
		{22943E70-3DD6-4439-94F3-72F62DB4722C}.Ad-Hoc|ARM.ActiveCfg = Release|Any CPU
		{22943E70-3DD6-4439-94F3-72F62DB4722C}.Ad-Hoc|ARM.Build.0 = Release|Any CPU
		{22943E70-3DD6-4439-94F3-72F62DB4722C}.Ad-Hoc|iPhone.ActiveCfg = Release|Any CPU
		{22943E70-3DD6-4439-94F3-72F62DB4722C}.Ad-Hoc|iPhone.Build.0 = Release|Any CPU
		{22943E70-3DD6-4439-94F3-72F62DB4722C}.Ad-Hoc|iPhoneSimulator.ActiveCfg = Release|Any CPU
		{22943E70-3DD6-4439-94F3-72F62DB4722C}.Ad-Hoc|iPhoneSimulator.Build.0 = Release|Any CPU
		{22943E70-3DD6-4439-94F3-72F62DB4722C}.Ad-Hoc|x64.ActiveCfg = Release|Any CPU
		{22943E70-3DD6-4439-94F3-72F62DB4722C}.Ad-Hoc|x64.Build.0 = Release|Any CPU
		{22943E70-3DD6-4439-94F3-72F62DB4722C}.Ad-Hoc|x86.ActiveCfg = Release|Any CPU
		{22943E70-3DD6-4439-94F3-72F62DB4722C}.Ad-Hoc|x86.Build.0 = Release|Any CPU
		{22943E70-3DD6-4439-94F3-72F62DB4722C}.AppStore|Any CPU.ActiveCfg = Release|Any CPU
		{22943E70-3DD6-4439-94F3-72F62DB4722C}.AppStore|Any CPU.Build.0 = Release|Any CPU
		{22943E70-3DD6-4439-94F3-72F62DB4722C}.AppStore|ARM.ActiveCfg = Release|Any CPU
		{22943E70-3DD6-4439-94F3-72F62DB4722C}.AppStore|ARM.Build.0 = Release|Any CPU
		{22943E70-3DD6-4439-94F3-72F62DB4722C}.AppStore|iPhone.ActiveCfg = Release|Any CPU
		{22943E70-3DD6-4439-94F3-72F62DB4722C}.AppStore|iPhone.Build.0 = Release|Any CPU
		{22943E70-3DD6-4439-94F3-72F62DB4722C}.AppStore|iPhoneSimulator.ActiveCfg = Release|Any CPU
		{22943E70-3DD6-4439-94F3-72F62DB4722C}.AppStore|iPhoneSimulator.Build.0 = Release|Any CPU
		{22943E70-3DD6-4439-94F3-72F62DB4722C}.AppStore|x64.ActiveCfg = Release|Any CPU
		{22943E70-3DD6-4439-94F3-72F62DB4722C}.AppStore|x64.Build.0 = Release|Any CPU
		{22943E70-3DD6-4439-94F3-72F62DB4722C}.AppStore|x86.ActiveCfg = Release|Any CPU
		{22943E70-3DD6-4439-94F3-72F62DB4722C}.AppStore|x86.Build.0 = Release|Any CPU
		{22943E70-3DD6-4439-94F3-72F62DB4722C}.Debug|Any CPU.ActiveCfg = Debug|Any CPU
		{22943E70-3DD6-4439-94F3-72F62DB4722C}.Debug|Any CPU.Build.0 = Debug|Any CPU
		{22943E70-3DD6-4439-94F3-72F62DB4722C}.Debug|ARM.ActiveCfg = Debug|Any CPU
		{22943E70-3DD6-4439-94F3-72F62DB4722C}.Debug|ARM.Build.0 = Debug|Any CPU
		{22943E70-3DD6-4439-94F3-72F62DB4722C}.Debug|iPhone.ActiveCfg = Debug|Any CPU
		{22943E70-3DD6-4439-94F3-72F62DB4722C}.Debug|iPhone.Build.0 = Debug|Any CPU
		{22943E70-3DD6-4439-94F3-72F62DB4722C}.Debug|iPhoneSimulator.ActiveCfg = Debug|Any CPU
		{22943E70-3DD6-4439-94F3-72F62DB4722C}.Debug|iPhoneSimulator.Build.0 = Debug|Any CPU
		{22943E70-3DD6-4439-94F3-72F62DB4722C}.Debug|x64.ActiveCfg = Debug|Any CPU
		{22943E70-3DD6-4439-94F3-72F62DB4722C}.Debug|x64.Build.0 = Debug|Any CPU
		{22943E70-3DD6-4439-94F3-72F62DB4722C}.Debug|x86.ActiveCfg = Debug|Any CPU
		{22943E70-3DD6-4439-94F3-72F62DB4722C}.Debug|x86.Build.0 = Debug|Any CPU
		{22943E70-3DD6-4439-94F3-72F62DB4722C}.Release|Any CPU.ActiveCfg = Release|Any CPU
		{22943E70-3DD6-4439-94F3-72F62DB4722C}.Release|Any CPU.Build.0 = Release|Any CPU
		{22943E70-3DD6-4439-94F3-72F62DB4722C}.Release|ARM.ActiveCfg = Release|Any CPU
		{22943E70-3DD6-4439-94F3-72F62DB4722C}.Release|ARM.Build.0 = Release|Any CPU
		{22943E70-3DD6-4439-94F3-72F62DB4722C}.Release|iPhone.ActiveCfg = Release|Any CPU
		{22943E70-3DD6-4439-94F3-72F62DB4722C}.Release|iPhone.Build.0 = Release|Any CPU
		{22943E70-3DD6-4439-94F3-72F62DB4722C}.Release|iPhoneSimulator.ActiveCfg = Release|Any CPU
		{22943E70-3DD6-4439-94F3-72F62DB4722C}.Release|iPhoneSimulator.Build.0 = Release|Any CPU
		{22943E70-3DD6-4439-94F3-72F62DB4722C}.Release|x64.ActiveCfg = Release|Any CPU
		{22943E70-3DD6-4439-94F3-72F62DB4722C}.Release|x64.Build.0 = Release|Any CPU
		{22943E70-3DD6-4439-94F3-72F62DB4722C}.Release|x86.ActiveCfg = Release|Any CPU
		{22943E70-3DD6-4439-94F3-72F62DB4722C}.Release|x86.Build.0 = Release|Any CPU
		{E8CF3FFE-7F30-4F68-9A38-1AF5F1BDA3F2}.Ad-Hoc|Any CPU.ActiveCfg = Release|Any CPU
		{E8CF3FFE-7F30-4F68-9A38-1AF5F1BDA3F2}.Ad-Hoc|Any CPU.Build.0 = Release|Any CPU
		{E8CF3FFE-7F30-4F68-9A38-1AF5F1BDA3F2}.Ad-Hoc|ARM.ActiveCfg = Release|Any CPU
		{E8CF3FFE-7F30-4F68-9A38-1AF5F1BDA3F2}.Ad-Hoc|ARM.Build.0 = Release|Any CPU
		{E8CF3FFE-7F30-4F68-9A38-1AF5F1BDA3F2}.Ad-Hoc|iPhone.ActiveCfg = Release|Any CPU
		{E8CF3FFE-7F30-4F68-9A38-1AF5F1BDA3F2}.Ad-Hoc|iPhone.Build.0 = Release|Any CPU
		{E8CF3FFE-7F30-4F68-9A38-1AF5F1BDA3F2}.Ad-Hoc|iPhoneSimulator.ActiveCfg = Release|Any CPU
		{E8CF3FFE-7F30-4F68-9A38-1AF5F1BDA3F2}.Ad-Hoc|iPhoneSimulator.Build.0 = Release|Any CPU
		{E8CF3FFE-7F30-4F68-9A38-1AF5F1BDA3F2}.Ad-Hoc|x64.ActiveCfg = Release|Any CPU
		{E8CF3FFE-7F30-4F68-9A38-1AF5F1BDA3F2}.Ad-Hoc|x64.Build.0 = Release|Any CPU
		{E8CF3FFE-7F30-4F68-9A38-1AF5F1BDA3F2}.Ad-Hoc|x86.ActiveCfg = Release|Any CPU
		{E8CF3FFE-7F30-4F68-9A38-1AF5F1BDA3F2}.Ad-Hoc|x86.Build.0 = Release|Any CPU
		{E8CF3FFE-7F30-4F68-9A38-1AF5F1BDA3F2}.AppStore|Any CPU.ActiveCfg = Release|Any CPU
		{E8CF3FFE-7F30-4F68-9A38-1AF5F1BDA3F2}.AppStore|Any CPU.Build.0 = Release|Any CPU
		{E8CF3FFE-7F30-4F68-9A38-1AF5F1BDA3F2}.AppStore|ARM.ActiveCfg = Release|Any CPU
		{E8CF3FFE-7F30-4F68-9A38-1AF5F1BDA3F2}.AppStore|ARM.Build.0 = Release|Any CPU
		{E8CF3FFE-7F30-4F68-9A38-1AF5F1BDA3F2}.AppStore|iPhone.ActiveCfg = Release|Any CPU
		{E8CF3FFE-7F30-4F68-9A38-1AF5F1BDA3F2}.AppStore|iPhone.Build.0 = Release|Any CPU
		{E8CF3FFE-7F30-4F68-9A38-1AF5F1BDA3F2}.AppStore|iPhoneSimulator.ActiveCfg = Release|Any CPU
		{E8CF3FFE-7F30-4F68-9A38-1AF5F1BDA3F2}.AppStore|iPhoneSimulator.Build.0 = Release|Any CPU
		{E8CF3FFE-7F30-4F68-9A38-1AF5F1BDA3F2}.AppStore|x64.ActiveCfg = Release|Any CPU
		{E8CF3FFE-7F30-4F68-9A38-1AF5F1BDA3F2}.AppStore|x64.Build.0 = Release|Any CPU
		{E8CF3FFE-7F30-4F68-9A38-1AF5F1BDA3F2}.AppStore|x86.ActiveCfg = Release|Any CPU
		{E8CF3FFE-7F30-4F68-9A38-1AF5F1BDA3F2}.AppStore|x86.Build.0 = Release|Any CPU
		{E8CF3FFE-7F30-4F68-9A38-1AF5F1BDA3F2}.Debug|Any CPU.ActiveCfg = Debug|Any CPU
		{E8CF3FFE-7F30-4F68-9A38-1AF5F1BDA3F2}.Debug|Any CPU.Build.0 = Debug|Any CPU
		{E8CF3FFE-7F30-4F68-9A38-1AF5F1BDA3F2}.Debug|ARM.ActiveCfg = Debug|Any CPU
		{E8CF3FFE-7F30-4F68-9A38-1AF5F1BDA3F2}.Debug|ARM.Build.0 = Debug|Any CPU
		{E8CF3FFE-7F30-4F68-9A38-1AF5F1BDA3F2}.Debug|iPhone.ActiveCfg = Debug|Any CPU
		{E8CF3FFE-7F30-4F68-9A38-1AF5F1BDA3F2}.Debug|iPhone.Build.0 = Debug|Any CPU
		{E8CF3FFE-7F30-4F68-9A38-1AF5F1BDA3F2}.Debug|iPhoneSimulator.ActiveCfg = Debug|Any CPU
		{E8CF3FFE-7F30-4F68-9A38-1AF5F1BDA3F2}.Debug|iPhoneSimulator.Build.0 = Debug|Any CPU
		{E8CF3FFE-7F30-4F68-9A38-1AF5F1BDA3F2}.Debug|x64.ActiveCfg = Debug|Any CPU
		{E8CF3FFE-7F30-4F68-9A38-1AF5F1BDA3F2}.Debug|x64.Build.0 = Debug|Any CPU
		{E8CF3FFE-7F30-4F68-9A38-1AF5F1BDA3F2}.Debug|x86.ActiveCfg = Debug|Any CPU
		{E8CF3FFE-7F30-4F68-9A38-1AF5F1BDA3F2}.Debug|x86.Build.0 = Debug|Any CPU
		{E8CF3FFE-7F30-4F68-9A38-1AF5F1BDA3F2}.Release|Any CPU.ActiveCfg = Release|Any CPU
		{E8CF3FFE-7F30-4F68-9A38-1AF5F1BDA3F2}.Release|Any CPU.Build.0 = Release|Any CPU
		{E8CF3FFE-7F30-4F68-9A38-1AF5F1BDA3F2}.Release|ARM.ActiveCfg = Release|Any CPU
		{E8CF3FFE-7F30-4F68-9A38-1AF5F1BDA3F2}.Release|ARM.Build.0 = Release|Any CPU
		{E8CF3FFE-7F30-4F68-9A38-1AF5F1BDA3F2}.Release|iPhone.ActiveCfg = Release|Any CPU
		{E8CF3FFE-7F30-4F68-9A38-1AF5F1BDA3F2}.Release|iPhone.Build.0 = Release|Any CPU
		{E8CF3FFE-7F30-4F68-9A38-1AF5F1BDA3F2}.Release|iPhoneSimulator.ActiveCfg = Release|Any CPU
		{E8CF3FFE-7F30-4F68-9A38-1AF5F1BDA3F2}.Release|iPhoneSimulator.Build.0 = Release|Any CPU
		{E8CF3FFE-7F30-4F68-9A38-1AF5F1BDA3F2}.Release|x64.ActiveCfg = Release|Any CPU
		{E8CF3FFE-7F30-4F68-9A38-1AF5F1BDA3F2}.Release|x64.Build.0 = Release|Any CPU
		{E8CF3FFE-7F30-4F68-9A38-1AF5F1BDA3F2}.Release|x86.ActiveCfg = Release|Any CPU
		{E8CF3FFE-7F30-4F68-9A38-1AF5F1BDA3F2}.Release|x86.Build.0 = Release|Any CPU
		{D3C8D58D-03ED-425D-ACD8-4148F603BE8A}.Ad-Hoc|Any CPU.ActiveCfg = Release|Any CPU
		{D3C8D58D-03ED-425D-ACD8-4148F603BE8A}.Ad-Hoc|Any CPU.Build.0 = Release|Any CPU
		{D3C8D58D-03ED-425D-ACD8-4148F603BE8A}.Ad-Hoc|ARM.ActiveCfg = Release|Any CPU
		{D3C8D58D-03ED-425D-ACD8-4148F603BE8A}.Ad-Hoc|ARM.Build.0 = Release|Any CPU
		{D3C8D58D-03ED-425D-ACD8-4148F603BE8A}.Ad-Hoc|iPhone.ActiveCfg = Release|Any CPU
		{D3C8D58D-03ED-425D-ACD8-4148F603BE8A}.Ad-Hoc|iPhone.Build.0 = Release|Any CPU
		{D3C8D58D-03ED-425D-ACD8-4148F603BE8A}.Ad-Hoc|iPhoneSimulator.ActiveCfg = Release|Any CPU
		{D3C8D58D-03ED-425D-ACD8-4148F603BE8A}.Ad-Hoc|iPhoneSimulator.Build.0 = Release|Any CPU
		{D3C8D58D-03ED-425D-ACD8-4148F603BE8A}.Ad-Hoc|x64.ActiveCfg = Release|Any CPU
		{D3C8D58D-03ED-425D-ACD8-4148F603BE8A}.Ad-Hoc|x64.Build.0 = Release|Any CPU
		{D3C8D58D-03ED-425D-ACD8-4148F603BE8A}.Ad-Hoc|x86.ActiveCfg = Release|Any CPU
		{D3C8D58D-03ED-425D-ACD8-4148F603BE8A}.Ad-Hoc|x86.Build.0 = Release|Any CPU
		{D3C8D58D-03ED-425D-ACD8-4148F603BE8A}.AppStore|Any CPU.ActiveCfg = Release|Any CPU
		{D3C8D58D-03ED-425D-ACD8-4148F603BE8A}.AppStore|Any CPU.Build.0 = Release|Any CPU
		{D3C8D58D-03ED-425D-ACD8-4148F603BE8A}.AppStore|ARM.ActiveCfg = Release|Any CPU
		{D3C8D58D-03ED-425D-ACD8-4148F603BE8A}.AppStore|ARM.Build.0 = Release|Any CPU
		{D3C8D58D-03ED-425D-ACD8-4148F603BE8A}.AppStore|iPhone.ActiveCfg = Release|Any CPU
		{D3C8D58D-03ED-425D-ACD8-4148F603BE8A}.AppStore|iPhone.Build.0 = Release|Any CPU
		{D3C8D58D-03ED-425D-ACD8-4148F603BE8A}.AppStore|iPhoneSimulator.ActiveCfg = Release|Any CPU
		{D3C8D58D-03ED-425D-ACD8-4148F603BE8A}.AppStore|iPhoneSimulator.Build.0 = Release|Any CPU
		{D3C8D58D-03ED-425D-ACD8-4148F603BE8A}.AppStore|x64.ActiveCfg = Release|Any CPU
		{D3C8D58D-03ED-425D-ACD8-4148F603BE8A}.AppStore|x64.Build.0 = Release|Any CPU
		{D3C8D58D-03ED-425D-ACD8-4148F603BE8A}.AppStore|x86.ActiveCfg = Release|Any CPU
		{D3C8D58D-03ED-425D-ACD8-4148F603BE8A}.AppStore|x86.Build.0 = Release|Any CPU
		{D3C8D58D-03ED-425D-ACD8-4148F603BE8A}.Debug|Any CPU.ActiveCfg = Debug|Any CPU
		{D3C8D58D-03ED-425D-ACD8-4148F603BE8A}.Debug|Any CPU.Build.0 = Debug|Any CPU
		{D3C8D58D-03ED-425D-ACD8-4148F603BE8A}.Debug|ARM.ActiveCfg = Debug|Any CPU
		{D3C8D58D-03ED-425D-ACD8-4148F603BE8A}.Debug|ARM.Build.0 = Debug|Any CPU
		{D3C8D58D-03ED-425D-ACD8-4148F603BE8A}.Debug|iPhone.ActiveCfg = Debug|Any CPU
		{D3C8D58D-03ED-425D-ACD8-4148F603BE8A}.Debug|iPhone.Build.0 = Debug|Any CPU
		{D3C8D58D-03ED-425D-ACD8-4148F603BE8A}.Debug|iPhoneSimulator.ActiveCfg = Debug|Any CPU
		{D3C8D58D-03ED-425D-ACD8-4148F603BE8A}.Debug|iPhoneSimulator.Build.0 = Debug|Any CPU
		{D3C8D58D-03ED-425D-ACD8-4148F603BE8A}.Debug|x64.ActiveCfg = Debug|Any CPU
		{D3C8D58D-03ED-425D-ACD8-4148F603BE8A}.Debug|x64.Build.0 = Debug|Any CPU
		{D3C8D58D-03ED-425D-ACD8-4148F603BE8A}.Debug|x86.ActiveCfg = Debug|Any CPU
		{D3C8D58D-03ED-425D-ACD8-4148F603BE8A}.Debug|x86.Build.0 = Debug|Any CPU
		{D3C8D58D-03ED-425D-ACD8-4148F603BE8A}.Release|Any CPU.ActiveCfg = Release|Any CPU
		{D3C8D58D-03ED-425D-ACD8-4148F603BE8A}.Release|Any CPU.Build.0 = Release|Any CPU
		{D3C8D58D-03ED-425D-ACD8-4148F603BE8A}.Release|ARM.ActiveCfg = Release|Any CPU
		{D3C8D58D-03ED-425D-ACD8-4148F603BE8A}.Release|ARM.Build.0 = Release|Any CPU
		{D3C8D58D-03ED-425D-ACD8-4148F603BE8A}.Release|iPhone.ActiveCfg = Release|Any CPU
		{D3C8D58D-03ED-425D-ACD8-4148F603BE8A}.Release|iPhone.Build.0 = Release|Any CPU
		{D3C8D58D-03ED-425D-ACD8-4148F603BE8A}.Release|iPhoneSimulator.ActiveCfg = Release|Any CPU
		{D3C8D58D-03ED-425D-ACD8-4148F603BE8A}.Release|iPhoneSimulator.Build.0 = Release|Any CPU
		{D3C8D58D-03ED-425D-ACD8-4148F603BE8A}.Release|x64.ActiveCfg = Release|Any CPU
		{D3C8D58D-03ED-425D-ACD8-4148F603BE8A}.Release|x64.Build.0 = Release|Any CPU
		{D3C8D58D-03ED-425D-ACD8-4148F603BE8A}.Release|x86.ActiveCfg = Release|Any CPU
		{D3C8D58D-03ED-425D-ACD8-4148F603BE8A}.Release|x86.Build.0 = Release|Any CPU
		{3F66159F-707E-4363-99C0-9F8B8FE382E1}.Ad-Hoc|Any CPU.ActiveCfg = Debug|Any CPU
		{3F66159F-707E-4363-99C0-9F8B8FE382E1}.Ad-Hoc|Any CPU.Build.0 = Debug|Any CPU
		{3F66159F-707E-4363-99C0-9F8B8FE382E1}.Ad-Hoc|ARM.ActiveCfg = Debug|Any CPU
		{3F66159F-707E-4363-99C0-9F8B8FE382E1}.Ad-Hoc|ARM.Build.0 = Debug|Any CPU
		{3F66159F-707E-4363-99C0-9F8B8FE382E1}.Ad-Hoc|iPhone.ActiveCfg = Debug|Any CPU
		{3F66159F-707E-4363-99C0-9F8B8FE382E1}.Ad-Hoc|iPhone.Build.0 = Debug|Any CPU
		{3F66159F-707E-4363-99C0-9F8B8FE382E1}.Ad-Hoc|iPhoneSimulator.ActiveCfg = Debug|Any CPU
		{3F66159F-707E-4363-99C0-9F8B8FE382E1}.Ad-Hoc|iPhoneSimulator.Build.0 = Debug|Any CPU
		{3F66159F-707E-4363-99C0-9F8B8FE382E1}.Ad-Hoc|x64.ActiveCfg = Debug|Any CPU
		{3F66159F-707E-4363-99C0-9F8B8FE382E1}.Ad-Hoc|x64.Build.0 = Debug|Any CPU
		{3F66159F-707E-4363-99C0-9F8B8FE382E1}.Ad-Hoc|x86.ActiveCfg = Debug|Any CPU
		{3F66159F-707E-4363-99C0-9F8B8FE382E1}.Ad-Hoc|x86.Build.0 = Debug|Any CPU
		{3F66159F-707E-4363-99C0-9F8B8FE382E1}.AppStore|Any CPU.ActiveCfg = Debug|Any CPU
		{3F66159F-707E-4363-99C0-9F8B8FE382E1}.AppStore|Any CPU.Build.0 = Debug|Any CPU
		{3F66159F-707E-4363-99C0-9F8B8FE382E1}.AppStore|ARM.ActiveCfg = Debug|Any CPU
		{3F66159F-707E-4363-99C0-9F8B8FE382E1}.AppStore|ARM.Build.0 = Debug|Any CPU
		{3F66159F-707E-4363-99C0-9F8B8FE382E1}.AppStore|iPhone.ActiveCfg = Debug|Any CPU
		{3F66159F-707E-4363-99C0-9F8B8FE382E1}.AppStore|iPhone.Build.0 = Debug|Any CPU
		{3F66159F-707E-4363-99C0-9F8B8FE382E1}.AppStore|iPhoneSimulator.ActiveCfg = Debug|Any CPU
		{3F66159F-707E-4363-99C0-9F8B8FE382E1}.AppStore|iPhoneSimulator.Build.0 = Debug|Any CPU
		{3F66159F-707E-4363-99C0-9F8B8FE382E1}.AppStore|x64.ActiveCfg = Debug|Any CPU
		{3F66159F-707E-4363-99C0-9F8B8FE382E1}.AppStore|x64.Build.0 = Debug|Any CPU
		{3F66159F-707E-4363-99C0-9F8B8FE382E1}.AppStore|x86.ActiveCfg = Debug|Any CPU
		{3F66159F-707E-4363-99C0-9F8B8FE382E1}.AppStore|x86.Build.0 = Debug|Any CPU
		{3F66159F-707E-4363-99C0-9F8B8FE382E1}.Debug|Any CPU.ActiveCfg = Debug|Any CPU
		{3F66159F-707E-4363-99C0-9F8B8FE382E1}.Debug|Any CPU.Build.0 = Debug|Any CPU
		{3F66159F-707E-4363-99C0-9F8B8FE382E1}.Debug|ARM.ActiveCfg = Debug|Any CPU
		{3F66159F-707E-4363-99C0-9F8B8FE382E1}.Debug|ARM.Build.0 = Debug|Any CPU
		{3F66159F-707E-4363-99C0-9F8B8FE382E1}.Debug|iPhone.ActiveCfg = Debug|Any CPU
		{3F66159F-707E-4363-99C0-9F8B8FE382E1}.Debug|iPhone.Build.0 = Debug|Any CPU
		{3F66159F-707E-4363-99C0-9F8B8FE382E1}.Debug|iPhoneSimulator.ActiveCfg = Debug|Any CPU
		{3F66159F-707E-4363-99C0-9F8B8FE382E1}.Debug|iPhoneSimulator.Build.0 = Debug|Any CPU
		{3F66159F-707E-4363-99C0-9F8B8FE382E1}.Debug|x64.ActiveCfg = Debug|Any CPU
		{3F66159F-707E-4363-99C0-9F8B8FE382E1}.Debug|x64.Build.0 = Debug|Any CPU
		{3F66159F-707E-4363-99C0-9F8B8FE382E1}.Debug|x86.ActiveCfg = Debug|Any CPU
		{3F66159F-707E-4363-99C0-9F8B8FE382E1}.Debug|x86.Build.0 = Debug|Any CPU
		{3F66159F-707E-4363-99C0-9F8B8FE382E1}.Release|Any CPU.ActiveCfg = Release|Any CPU
		{3F66159F-707E-4363-99C0-9F8B8FE382E1}.Release|Any CPU.Build.0 = Release|Any CPU
		{3F66159F-707E-4363-99C0-9F8B8FE382E1}.Release|ARM.ActiveCfg = Release|Any CPU
		{3F66159F-707E-4363-99C0-9F8B8FE382E1}.Release|ARM.Build.0 = Release|Any CPU
		{3F66159F-707E-4363-99C0-9F8B8FE382E1}.Release|iPhone.ActiveCfg = Release|Any CPU
		{3F66159F-707E-4363-99C0-9F8B8FE382E1}.Release|iPhone.Build.0 = Release|Any CPU
		{3F66159F-707E-4363-99C0-9F8B8FE382E1}.Release|iPhoneSimulator.ActiveCfg = Release|Any CPU
		{3F66159F-707E-4363-99C0-9F8B8FE382E1}.Release|iPhoneSimulator.Build.0 = Release|Any CPU
		{3F66159F-707E-4363-99C0-9F8B8FE382E1}.Release|x64.ActiveCfg = Release|Any CPU
		{3F66159F-707E-4363-99C0-9F8B8FE382E1}.Release|x64.Build.0 = Release|Any CPU
		{3F66159F-707E-4363-99C0-9F8B8FE382E1}.Release|x86.ActiveCfg = Release|Any CPU
		{3F66159F-707E-4363-99C0-9F8B8FE382E1}.Release|x86.Build.0 = Release|Any CPU
		{1215553B-4E22-457D-A146-57BE0AC9F56E}.Ad-Hoc|Any CPU.ActiveCfg = Release|Any CPU
		{1215553B-4E22-457D-A146-57BE0AC9F56E}.Ad-Hoc|Any CPU.Build.0 = Release|Any CPU
		{1215553B-4E22-457D-A146-57BE0AC9F56E}.Ad-Hoc|ARM.ActiveCfg = Release|Any CPU
		{1215553B-4E22-457D-A146-57BE0AC9F56E}.Ad-Hoc|ARM.Build.0 = Release|Any CPU
		{1215553B-4E22-457D-A146-57BE0AC9F56E}.Ad-Hoc|iPhone.ActiveCfg = Release|Any CPU
		{1215553B-4E22-457D-A146-57BE0AC9F56E}.Ad-Hoc|iPhone.Build.0 = Release|Any CPU
		{1215553B-4E22-457D-A146-57BE0AC9F56E}.Ad-Hoc|iPhoneSimulator.ActiveCfg = Release|Any CPU
		{1215553B-4E22-457D-A146-57BE0AC9F56E}.Ad-Hoc|iPhoneSimulator.Build.0 = Release|Any CPU
		{1215553B-4E22-457D-A146-57BE0AC9F56E}.Ad-Hoc|x64.ActiveCfg = Release|Any CPU
		{1215553B-4E22-457D-A146-57BE0AC9F56E}.Ad-Hoc|x64.Build.0 = Release|Any CPU
		{1215553B-4E22-457D-A146-57BE0AC9F56E}.Ad-Hoc|x86.ActiveCfg = Release|Any CPU
		{1215553B-4E22-457D-A146-57BE0AC9F56E}.Ad-Hoc|x86.Build.0 = Release|Any CPU
		{1215553B-4E22-457D-A146-57BE0AC9F56E}.AppStore|Any CPU.ActiveCfg = Release|Any CPU
		{1215553B-4E22-457D-A146-57BE0AC9F56E}.AppStore|Any CPU.Build.0 = Release|Any CPU
		{1215553B-4E22-457D-A146-57BE0AC9F56E}.AppStore|ARM.ActiveCfg = Release|Any CPU
		{1215553B-4E22-457D-A146-57BE0AC9F56E}.AppStore|ARM.Build.0 = Release|Any CPU
		{1215553B-4E22-457D-A146-57BE0AC9F56E}.AppStore|iPhone.ActiveCfg = Release|Any CPU
		{1215553B-4E22-457D-A146-57BE0AC9F56E}.AppStore|iPhone.Build.0 = Release|Any CPU
		{1215553B-4E22-457D-A146-57BE0AC9F56E}.AppStore|iPhoneSimulator.ActiveCfg = Release|Any CPU
		{1215553B-4E22-457D-A146-57BE0AC9F56E}.AppStore|iPhoneSimulator.Build.0 = Release|Any CPU
		{1215553B-4E22-457D-A146-57BE0AC9F56E}.AppStore|x64.ActiveCfg = Release|Any CPU
		{1215553B-4E22-457D-A146-57BE0AC9F56E}.AppStore|x64.Build.0 = Release|Any CPU
		{1215553B-4E22-457D-A146-57BE0AC9F56E}.AppStore|x86.ActiveCfg = Release|Any CPU
		{1215553B-4E22-457D-A146-57BE0AC9F56E}.AppStore|x86.Build.0 = Release|Any CPU
		{1215553B-4E22-457D-A146-57BE0AC9F56E}.Debug|Any CPU.ActiveCfg = Debug|Any CPU
		{1215553B-4E22-457D-A146-57BE0AC9F56E}.Debug|Any CPU.Build.0 = Debug|Any CPU
		{1215553B-4E22-457D-A146-57BE0AC9F56E}.Debug|ARM.ActiveCfg = Debug|Any CPU
		{1215553B-4E22-457D-A146-57BE0AC9F56E}.Debug|ARM.Build.0 = Debug|Any CPU
		{1215553B-4E22-457D-A146-57BE0AC9F56E}.Debug|iPhone.ActiveCfg = Debug|Any CPU
		{1215553B-4E22-457D-A146-57BE0AC9F56E}.Debug|iPhone.Build.0 = Debug|Any CPU
		{1215553B-4E22-457D-A146-57BE0AC9F56E}.Debug|iPhoneSimulator.ActiveCfg = Debug|Any CPU
		{1215553B-4E22-457D-A146-57BE0AC9F56E}.Debug|iPhoneSimulator.Build.0 = Debug|Any CPU
		{1215553B-4E22-457D-A146-57BE0AC9F56E}.Debug|x64.ActiveCfg = Debug|Any CPU
		{1215553B-4E22-457D-A146-57BE0AC9F56E}.Debug|x64.Build.0 = Debug|Any CPU
		{1215553B-4E22-457D-A146-57BE0AC9F56E}.Debug|x86.ActiveCfg = Debug|Any CPU
		{1215553B-4E22-457D-A146-57BE0AC9F56E}.Debug|x86.Build.0 = Debug|Any CPU
		{1215553B-4E22-457D-A146-57BE0AC9F56E}.Release|Any CPU.ActiveCfg = Release|Any CPU
		{1215553B-4E22-457D-A146-57BE0AC9F56E}.Release|Any CPU.Build.0 = Release|Any CPU
		{1215553B-4E22-457D-A146-57BE0AC9F56E}.Release|ARM.ActiveCfg = Release|Any CPU
		{1215553B-4E22-457D-A146-57BE0AC9F56E}.Release|ARM.Build.0 = Release|Any CPU
		{1215553B-4E22-457D-A146-57BE0AC9F56E}.Release|iPhone.ActiveCfg = Release|Any CPU
		{1215553B-4E22-457D-A146-57BE0AC9F56E}.Release|iPhone.Build.0 = Release|Any CPU
		{1215553B-4E22-457D-A146-57BE0AC9F56E}.Release|iPhoneSimulator.ActiveCfg = Release|Any CPU
		{1215553B-4E22-457D-A146-57BE0AC9F56E}.Release|iPhoneSimulator.Build.0 = Release|Any CPU
		{1215553B-4E22-457D-A146-57BE0AC9F56E}.Release|x64.ActiveCfg = Release|Any CPU
		{1215553B-4E22-457D-A146-57BE0AC9F56E}.Release|x64.Build.0 = Release|Any CPU
		{1215553B-4E22-457D-A146-57BE0AC9F56E}.Release|x86.ActiveCfg = Release|Any CPU
		{1215553B-4E22-457D-A146-57BE0AC9F56E}.Release|x86.Build.0 = Release|Any CPU
		{AC3BF28A-09D2-41F6-A9DB-FC098AAB5D5C}.Ad-Hoc|Any CPU.ActiveCfg = Release|Any CPU
		{AC3BF28A-09D2-41F6-A9DB-FC098AAB5D5C}.Ad-Hoc|Any CPU.Build.0 = Release|Any CPU
		{AC3BF28A-09D2-41F6-A9DB-FC098AAB5D5C}.Ad-Hoc|ARM.ActiveCfg = Release|Any CPU
		{AC3BF28A-09D2-41F6-A9DB-FC098AAB5D5C}.Ad-Hoc|ARM.Build.0 = Release|Any CPU
		{AC3BF28A-09D2-41F6-A9DB-FC098AAB5D5C}.Ad-Hoc|iPhone.ActiveCfg = Release|Any CPU
		{AC3BF28A-09D2-41F6-A9DB-FC098AAB5D5C}.Ad-Hoc|iPhone.Build.0 = Release|Any CPU
		{AC3BF28A-09D2-41F6-A9DB-FC098AAB5D5C}.Ad-Hoc|iPhoneSimulator.ActiveCfg = Release|Any CPU
		{AC3BF28A-09D2-41F6-A9DB-FC098AAB5D5C}.Ad-Hoc|iPhoneSimulator.Build.0 = Release|Any CPU
		{AC3BF28A-09D2-41F6-A9DB-FC098AAB5D5C}.Ad-Hoc|x64.ActiveCfg = Release|Any CPU
		{AC3BF28A-09D2-41F6-A9DB-FC098AAB5D5C}.Ad-Hoc|x64.Build.0 = Release|Any CPU
		{AC3BF28A-09D2-41F6-A9DB-FC098AAB5D5C}.Ad-Hoc|x86.ActiveCfg = Release|Any CPU
		{AC3BF28A-09D2-41F6-A9DB-FC098AAB5D5C}.Ad-Hoc|x86.Build.0 = Release|Any CPU
		{AC3BF28A-09D2-41F6-A9DB-FC098AAB5D5C}.AppStore|Any CPU.ActiveCfg = Release|Any CPU
		{AC3BF28A-09D2-41F6-A9DB-FC098AAB5D5C}.AppStore|Any CPU.Build.0 = Release|Any CPU
		{AC3BF28A-09D2-41F6-A9DB-FC098AAB5D5C}.AppStore|ARM.ActiveCfg = Release|Any CPU
		{AC3BF28A-09D2-41F6-A9DB-FC098AAB5D5C}.AppStore|ARM.Build.0 = Release|Any CPU
		{AC3BF28A-09D2-41F6-A9DB-FC098AAB5D5C}.AppStore|iPhone.ActiveCfg = Release|Any CPU
		{AC3BF28A-09D2-41F6-A9DB-FC098AAB5D5C}.AppStore|iPhone.Build.0 = Release|Any CPU
		{AC3BF28A-09D2-41F6-A9DB-FC098AAB5D5C}.AppStore|iPhoneSimulator.ActiveCfg = Release|Any CPU
		{AC3BF28A-09D2-41F6-A9DB-FC098AAB5D5C}.AppStore|iPhoneSimulator.Build.0 = Release|Any CPU
		{AC3BF28A-09D2-41F6-A9DB-FC098AAB5D5C}.AppStore|x64.ActiveCfg = Release|Any CPU
		{AC3BF28A-09D2-41F6-A9DB-FC098AAB5D5C}.AppStore|x64.Build.0 = Release|Any CPU
		{AC3BF28A-09D2-41F6-A9DB-FC098AAB5D5C}.AppStore|x86.ActiveCfg = Release|Any CPU
		{AC3BF28A-09D2-41F6-A9DB-FC098AAB5D5C}.AppStore|x86.Build.0 = Release|Any CPU
		{AC3BF28A-09D2-41F6-A9DB-FC098AAB5D5C}.Debug|Any CPU.ActiveCfg = Debug|Any CPU
		{AC3BF28A-09D2-41F6-A9DB-FC098AAB5D5C}.Debug|Any CPU.Build.0 = Debug|Any CPU
		{AC3BF28A-09D2-41F6-A9DB-FC098AAB5D5C}.Debug|ARM.ActiveCfg = Debug|Any CPU
		{AC3BF28A-09D2-41F6-A9DB-FC098AAB5D5C}.Debug|ARM.Build.0 = Debug|Any CPU
		{AC3BF28A-09D2-41F6-A9DB-FC098AAB5D5C}.Debug|iPhone.ActiveCfg = Debug|Any CPU
		{AC3BF28A-09D2-41F6-A9DB-FC098AAB5D5C}.Debug|iPhone.Build.0 = Debug|Any CPU
		{AC3BF28A-09D2-41F6-A9DB-FC098AAB5D5C}.Debug|iPhoneSimulator.ActiveCfg = Debug|Any CPU
		{AC3BF28A-09D2-41F6-A9DB-FC098AAB5D5C}.Debug|iPhoneSimulator.Build.0 = Debug|Any CPU
		{AC3BF28A-09D2-41F6-A9DB-FC098AAB5D5C}.Debug|x64.ActiveCfg = Debug|Any CPU
		{AC3BF28A-09D2-41F6-A9DB-FC098AAB5D5C}.Debug|x64.Build.0 = Debug|Any CPU
		{AC3BF28A-09D2-41F6-A9DB-FC098AAB5D5C}.Debug|x86.ActiveCfg = Debug|Any CPU
		{AC3BF28A-09D2-41F6-A9DB-FC098AAB5D5C}.Debug|x86.Build.0 = Debug|Any CPU
		{AC3BF28A-09D2-41F6-A9DB-FC098AAB5D5C}.Release|Any CPU.ActiveCfg = Release|Any CPU
		{AC3BF28A-09D2-41F6-A9DB-FC098AAB5D5C}.Release|Any CPU.Build.0 = Release|Any CPU
		{AC3BF28A-09D2-41F6-A9DB-FC098AAB5D5C}.Release|ARM.ActiveCfg = Release|Any CPU
		{AC3BF28A-09D2-41F6-A9DB-FC098AAB5D5C}.Release|ARM.Build.0 = Release|Any CPU
		{AC3BF28A-09D2-41F6-A9DB-FC098AAB5D5C}.Release|iPhone.ActiveCfg = Release|Any CPU
		{AC3BF28A-09D2-41F6-A9DB-FC098AAB5D5C}.Release|iPhone.Build.0 = Release|Any CPU
		{AC3BF28A-09D2-41F6-A9DB-FC098AAB5D5C}.Release|iPhoneSimulator.ActiveCfg = Release|Any CPU
		{AC3BF28A-09D2-41F6-A9DB-FC098AAB5D5C}.Release|iPhoneSimulator.Build.0 = Release|Any CPU
		{AC3BF28A-09D2-41F6-A9DB-FC098AAB5D5C}.Release|x64.ActiveCfg = Release|Any CPU
		{AC3BF28A-09D2-41F6-A9DB-FC098AAB5D5C}.Release|x64.Build.0 = Release|Any CPU
		{AC3BF28A-09D2-41F6-A9DB-FC098AAB5D5C}.Release|x86.ActiveCfg = Release|Any CPU
		{AC3BF28A-09D2-41F6-A9DB-FC098AAB5D5C}.Release|x86.Build.0 = Release|Any CPU
		{B084CD9F-263F-4106-B049-A244AB880B05}.Ad-Hoc|Any CPU.ActiveCfg = Release|Any CPU
		{B084CD9F-263F-4106-B049-A244AB880B05}.Ad-Hoc|Any CPU.Build.0 = Release|Any CPU
		{B084CD9F-263F-4106-B049-A244AB880B05}.Ad-Hoc|ARM.ActiveCfg = Release|Any CPU
		{B084CD9F-263F-4106-B049-A244AB880B05}.Ad-Hoc|ARM.Build.0 = Release|Any CPU
		{B084CD9F-263F-4106-B049-A244AB880B05}.Ad-Hoc|iPhone.ActiveCfg = Release|Any CPU
		{B084CD9F-263F-4106-B049-A244AB880B05}.Ad-Hoc|iPhone.Build.0 = Release|Any CPU
		{B084CD9F-263F-4106-B049-A244AB880B05}.Ad-Hoc|iPhoneSimulator.ActiveCfg = Release|Any CPU
		{B084CD9F-263F-4106-B049-A244AB880B05}.Ad-Hoc|iPhoneSimulator.Build.0 = Release|Any CPU
		{B084CD9F-263F-4106-B049-A244AB880B05}.Ad-Hoc|x64.ActiveCfg = Release|Any CPU
		{B084CD9F-263F-4106-B049-A244AB880B05}.Ad-Hoc|x64.Build.0 = Release|Any CPU
		{B084CD9F-263F-4106-B049-A244AB880B05}.Ad-Hoc|x86.ActiveCfg = Release|x86
		{B084CD9F-263F-4106-B049-A244AB880B05}.Ad-Hoc|x86.Build.0 = Release|x86
		{B084CD9F-263F-4106-B049-A244AB880B05}.AppStore|Any CPU.ActiveCfg = Release|Any CPU
		{B084CD9F-263F-4106-B049-A244AB880B05}.AppStore|Any CPU.Build.0 = Release|Any CPU
		{B084CD9F-263F-4106-B049-A244AB880B05}.AppStore|ARM.ActiveCfg = Release|Any CPU
		{B084CD9F-263F-4106-B049-A244AB880B05}.AppStore|ARM.Build.0 = Release|Any CPU
		{B084CD9F-263F-4106-B049-A244AB880B05}.AppStore|iPhone.ActiveCfg = Release|Any CPU
		{B084CD9F-263F-4106-B049-A244AB880B05}.AppStore|iPhone.Build.0 = Release|Any CPU
		{B084CD9F-263F-4106-B049-A244AB880B05}.AppStore|iPhoneSimulator.ActiveCfg = Release|Any CPU
		{B084CD9F-263F-4106-B049-A244AB880B05}.AppStore|iPhoneSimulator.Build.0 = Release|Any CPU
		{B084CD9F-263F-4106-B049-A244AB880B05}.AppStore|x64.ActiveCfg = Release|Any CPU
		{B084CD9F-263F-4106-B049-A244AB880B05}.AppStore|x64.Build.0 = Release|Any CPU
		{B084CD9F-263F-4106-B049-A244AB880B05}.AppStore|x86.ActiveCfg = Release|x86
		{B084CD9F-263F-4106-B049-A244AB880B05}.AppStore|x86.Build.0 = Release|x86
		{B084CD9F-263F-4106-B049-A244AB880B05}.Debug|Any CPU.ActiveCfg = Debug|Any CPU
		{B084CD9F-263F-4106-B049-A244AB880B05}.Debug|Any CPU.Build.0 = Debug|Any CPU
		{B084CD9F-263F-4106-B049-A244AB880B05}.Debug|ARM.ActiveCfg = Debug|Any CPU
		{B084CD9F-263F-4106-B049-A244AB880B05}.Debug|ARM.Build.0 = Debug|Any CPU
		{B084CD9F-263F-4106-B049-A244AB880B05}.Debug|iPhone.ActiveCfg = Debug|Any CPU
		{B084CD9F-263F-4106-B049-A244AB880B05}.Debug|iPhone.Build.0 = Debug|Any CPU
		{B084CD9F-263F-4106-B049-A244AB880B05}.Debug|iPhoneSimulator.ActiveCfg = Debug|Any CPU
		{B084CD9F-263F-4106-B049-A244AB880B05}.Debug|iPhoneSimulator.Build.0 = Debug|Any CPU
		{B084CD9F-263F-4106-B049-A244AB880B05}.Debug|x64.ActiveCfg = Debug|Any CPU
		{B084CD9F-263F-4106-B049-A244AB880B05}.Debug|x64.Build.0 = Debug|Any CPU
		{B084CD9F-263F-4106-B049-A244AB880B05}.Debug|x86.ActiveCfg = Debug|x86
		{B084CD9F-263F-4106-B049-A244AB880B05}.Debug|x86.Build.0 = Debug|x86
		{B084CD9F-263F-4106-B049-A244AB880B05}.Release|Any CPU.ActiveCfg = Release|Any CPU
		{B084CD9F-263F-4106-B049-A244AB880B05}.Release|Any CPU.Build.0 = Release|Any CPU
		{B084CD9F-263F-4106-B049-A244AB880B05}.Release|ARM.ActiveCfg = Release|Any CPU
		{B084CD9F-263F-4106-B049-A244AB880B05}.Release|ARM.Build.0 = Release|Any CPU
		{B084CD9F-263F-4106-B049-A244AB880B05}.Release|iPhone.ActiveCfg = Release|Any CPU
		{B084CD9F-263F-4106-B049-A244AB880B05}.Release|iPhone.Build.0 = Release|Any CPU
		{B084CD9F-263F-4106-B049-A244AB880B05}.Release|iPhoneSimulator.ActiveCfg = Release|Any CPU
		{B084CD9F-263F-4106-B049-A244AB880B05}.Release|iPhoneSimulator.Build.0 = Release|Any CPU
		{B084CD9F-263F-4106-B049-A244AB880B05}.Release|x64.ActiveCfg = Release|Any CPU
		{B084CD9F-263F-4106-B049-A244AB880B05}.Release|x64.Build.0 = Release|Any CPU
		{B084CD9F-263F-4106-B049-A244AB880B05}.Release|x86.ActiveCfg = Release|x86
		{B084CD9F-263F-4106-B049-A244AB880B05}.Release|x86.Build.0 = Release|x86
		{07515A24-7490-4319-99EE-4591357F9FE8}.Ad-Hoc|Any CPU.ActiveCfg = Release|Any CPU
		{07515A24-7490-4319-99EE-4591357F9FE8}.Ad-Hoc|Any CPU.Build.0 = Release|Any CPU
		{07515A24-7490-4319-99EE-4591357F9FE8}.Ad-Hoc|ARM.ActiveCfg = Release|Any CPU
		{07515A24-7490-4319-99EE-4591357F9FE8}.Ad-Hoc|ARM.Build.0 = Release|Any CPU
		{07515A24-7490-4319-99EE-4591357F9FE8}.Ad-Hoc|iPhone.ActiveCfg = Release|Any CPU
		{07515A24-7490-4319-99EE-4591357F9FE8}.Ad-Hoc|iPhone.Build.0 = Release|Any CPU
		{07515A24-7490-4319-99EE-4591357F9FE8}.Ad-Hoc|iPhoneSimulator.ActiveCfg = Release|Any CPU
		{07515A24-7490-4319-99EE-4591357F9FE8}.Ad-Hoc|iPhoneSimulator.Build.0 = Release|Any CPU
		{07515A24-7490-4319-99EE-4591357F9FE8}.Ad-Hoc|x64.ActiveCfg = Release|Any CPU
		{07515A24-7490-4319-99EE-4591357F9FE8}.Ad-Hoc|x64.Build.0 = Release|Any CPU
		{07515A24-7490-4319-99EE-4591357F9FE8}.Ad-Hoc|x86.ActiveCfg = Release|Any CPU
		{07515A24-7490-4319-99EE-4591357F9FE8}.Ad-Hoc|x86.Build.0 = Release|Any CPU
		{07515A24-7490-4319-99EE-4591357F9FE8}.AppStore|Any CPU.ActiveCfg = Release|Any CPU
		{07515A24-7490-4319-99EE-4591357F9FE8}.AppStore|Any CPU.Build.0 = Release|Any CPU
		{07515A24-7490-4319-99EE-4591357F9FE8}.AppStore|ARM.ActiveCfg = Release|Any CPU
		{07515A24-7490-4319-99EE-4591357F9FE8}.AppStore|ARM.Build.0 = Release|Any CPU
		{07515A24-7490-4319-99EE-4591357F9FE8}.AppStore|iPhone.ActiveCfg = Release|Any CPU
		{07515A24-7490-4319-99EE-4591357F9FE8}.AppStore|iPhone.Build.0 = Release|Any CPU
		{07515A24-7490-4319-99EE-4591357F9FE8}.AppStore|iPhoneSimulator.ActiveCfg = Release|Any CPU
		{07515A24-7490-4319-99EE-4591357F9FE8}.AppStore|iPhoneSimulator.Build.0 = Release|Any CPU
		{07515A24-7490-4319-99EE-4591357F9FE8}.AppStore|x64.ActiveCfg = Release|Any CPU
		{07515A24-7490-4319-99EE-4591357F9FE8}.AppStore|x64.Build.0 = Release|Any CPU
		{07515A24-7490-4319-99EE-4591357F9FE8}.AppStore|x86.ActiveCfg = Release|Any CPU
		{07515A24-7490-4319-99EE-4591357F9FE8}.AppStore|x86.Build.0 = Release|Any CPU
		{07515A24-7490-4319-99EE-4591357F9FE8}.Debug|Any CPU.ActiveCfg = Debug|Any CPU
		{07515A24-7490-4319-99EE-4591357F9FE8}.Debug|Any CPU.Build.0 = Debug|Any CPU
		{07515A24-7490-4319-99EE-4591357F9FE8}.Debug|ARM.ActiveCfg = Debug|Any CPU
		{07515A24-7490-4319-99EE-4591357F9FE8}.Debug|ARM.Build.0 = Debug|Any CPU
		{07515A24-7490-4319-99EE-4591357F9FE8}.Debug|iPhone.ActiveCfg = Debug|Any CPU
		{07515A24-7490-4319-99EE-4591357F9FE8}.Debug|iPhone.Build.0 = Debug|Any CPU
		{07515A24-7490-4319-99EE-4591357F9FE8}.Debug|iPhoneSimulator.ActiveCfg = Debug|Any CPU
		{07515A24-7490-4319-99EE-4591357F9FE8}.Debug|iPhoneSimulator.Build.0 = Debug|Any CPU
		{07515A24-7490-4319-99EE-4591357F9FE8}.Debug|x64.ActiveCfg = Debug|Any CPU
		{07515A24-7490-4319-99EE-4591357F9FE8}.Debug|x64.Build.0 = Debug|Any CPU
		{07515A24-7490-4319-99EE-4591357F9FE8}.Debug|x86.ActiveCfg = Debug|Any CPU
		{07515A24-7490-4319-99EE-4591357F9FE8}.Debug|x86.Build.0 = Debug|Any CPU
		{07515A24-7490-4319-99EE-4591357F9FE8}.Release|Any CPU.ActiveCfg = Release|Any CPU
		{07515A24-7490-4319-99EE-4591357F9FE8}.Release|Any CPU.Build.0 = Release|Any CPU
		{07515A24-7490-4319-99EE-4591357F9FE8}.Release|ARM.ActiveCfg = Release|Any CPU
		{07515A24-7490-4319-99EE-4591357F9FE8}.Release|ARM.Build.0 = Release|Any CPU
		{07515A24-7490-4319-99EE-4591357F9FE8}.Release|iPhone.ActiveCfg = Release|Any CPU
		{07515A24-7490-4319-99EE-4591357F9FE8}.Release|iPhone.Build.0 = Release|Any CPU
		{07515A24-7490-4319-99EE-4591357F9FE8}.Release|iPhoneSimulator.ActiveCfg = Release|Any CPU
		{07515A24-7490-4319-99EE-4591357F9FE8}.Release|iPhoneSimulator.Build.0 = Release|Any CPU
		{07515A24-7490-4319-99EE-4591357F9FE8}.Release|x64.ActiveCfg = Release|Any CPU
		{07515A24-7490-4319-99EE-4591357F9FE8}.Release|x64.Build.0 = Release|Any CPU
		{07515A24-7490-4319-99EE-4591357F9FE8}.Release|x86.ActiveCfg = Release|Any CPU
		{07515A24-7490-4319-99EE-4591357F9FE8}.Release|x86.Build.0 = Release|Any CPU
		{7AC96E0D-9415-4332-AF62-BD3390D5E7A8}.Ad-Hoc|Any CPU.ActiveCfg = AppStore|Any CPU
		{7AC96E0D-9415-4332-AF62-BD3390D5E7A8}.Ad-Hoc|Any CPU.Build.0 = AppStore|Any CPU
		{7AC96E0D-9415-4332-AF62-BD3390D5E7A8}.Ad-Hoc|ARM.ActiveCfg = AppStore|Any CPU
		{7AC96E0D-9415-4332-AF62-BD3390D5E7A8}.Ad-Hoc|ARM.Build.0 = AppStore|Any CPU
		{7AC96E0D-9415-4332-AF62-BD3390D5E7A8}.Ad-Hoc|iPhone.ActiveCfg = AppStore|Any CPU
		{7AC96E0D-9415-4332-AF62-BD3390D5E7A8}.Ad-Hoc|iPhone.Build.0 = AppStore|Any CPU
		{7AC96E0D-9415-4332-AF62-BD3390D5E7A8}.Ad-Hoc|iPhoneSimulator.ActiveCfg = AppStore|Any CPU
		{7AC96E0D-9415-4332-AF62-BD3390D5E7A8}.Ad-Hoc|iPhoneSimulator.Build.0 = AppStore|Any CPU
		{7AC96E0D-9415-4332-AF62-BD3390D5E7A8}.Ad-Hoc|x64.ActiveCfg = AppStore|Any CPU
		{7AC96E0D-9415-4332-AF62-BD3390D5E7A8}.Ad-Hoc|x64.Build.0 = AppStore|Any CPU
		{7AC96E0D-9415-4332-AF62-BD3390D5E7A8}.Ad-Hoc|x86.ActiveCfg = AppStore|Any CPU
		{7AC96E0D-9415-4332-AF62-BD3390D5E7A8}.Ad-Hoc|x86.Build.0 = AppStore|Any CPU
		{7AC96E0D-9415-4332-AF62-BD3390D5E7A8}.AppStore|Any CPU.ActiveCfg = AppStore|Any CPU
		{7AC96E0D-9415-4332-AF62-BD3390D5E7A8}.AppStore|Any CPU.Build.0 = AppStore|Any CPU
		{7AC96E0D-9415-4332-AF62-BD3390D5E7A8}.AppStore|ARM.ActiveCfg = AppStore|Any CPU
		{7AC96E0D-9415-4332-AF62-BD3390D5E7A8}.AppStore|ARM.Build.0 = AppStore|Any CPU
		{7AC96E0D-9415-4332-AF62-BD3390D5E7A8}.AppStore|iPhone.ActiveCfg = AppStore|Any CPU
		{7AC96E0D-9415-4332-AF62-BD3390D5E7A8}.AppStore|iPhone.Build.0 = AppStore|Any CPU
		{7AC96E0D-9415-4332-AF62-BD3390D5E7A8}.AppStore|iPhoneSimulator.ActiveCfg = AppStore|Any CPU
		{7AC96E0D-9415-4332-AF62-BD3390D5E7A8}.AppStore|iPhoneSimulator.Build.0 = AppStore|Any CPU
		{7AC96E0D-9415-4332-AF62-BD3390D5E7A8}.AppStore|x64.ActiveCfg = AppStore|Any CPU
		{7AC96E0D-9415-4332-AF62-BD3390D5E7A8}.AppStore|x64.Build.0 = AppStore|Any CPU
		{7AC96E0D-9415-4332-AF62-BD3390D5E7A8}.AppStore|x86.ActiveCfg = AppStore|Any CPU
		{7AC96E0D-9415-4332-AF62-BD3390D5E7A8}.AppStore|x86.Build.0 = AppStore|Any CPU
		{7AC96E0D-9415-4332-AF62-BD3390D5E7A8}.Debug|Any CPU.ActiveCfg = Debug|Any CPU
		{7AC96E0D-9415-4332-AF62-BD3390D5E7A8}.Debug|Any CPU.Build.0 = Debug|Any CPU
		{7AC96E0D-9415-4332-AF62-BD3390D5E7A8}.Debug|ARM.ActiveCfg = Debug|Any CPU
		{7AC96E0D-9415-4332-AF62-BD3390D5E7A8}.Debug|ARM.Build.0 = Debug|Any CPU
		{7AC96E0D-9415-4332-AF62-BD3390D5E7A8}.Debug|iPhone.ActiveCfg = Debug|Any CPU
		{7AC96E0D-9415-4332-AF62-BD3390D5E7A8}.Debug|iPhone.Build.0 = Debug|Any CPU
		{7AC96E0D-9415-4332-AF62-BD3390D5E7A8}.Debug|iPhoneSimulator.ActiveCfg = Debug|Any CPU
		{7AC96E0D-9415-4332-AF62-BD3390D5E7A8}.Debug|iPhoneSimulator.Build.0 = Debug|Any CPU
		{7AC96E0D-9415-4332-AF62-BD3390D5E7A8}.Debug|x64.ActiveCfg = Debug|Any CPU
		{7AC96E0D-9415-4332-AF62-BD3390D5E7A8}.Debug|x64.Build.0 = Debug|Any CPU
		{7AC96E0D-9415-4332-AF62-BD3390D5E7A8}.Debug|x86.ActiveCfg = Debug|Any CPU
		{7AC96E0D-9415-4332-AF62-BD3390D5E7A8}.Debug|x86.Build.0 = Debug|Any CPU
		{7AC96E0D-9415-4332-AF62-BD3390D5E7A8}.Release|Any CPU.ActiveCfg = Release|Any CPU
		{7AC96E0D-9415-4332-AF62-BD3390D5E7A8}.Release|Any CPU.Build.0 = Release|Any CPU
		{7AC96E0D-9415-4332-AF62-BD3390D5E7A8}.Release|ARM.ActiveCfg = Release|Any CPU
		{7AC96E0D-9415-4332-AF62-BD3390D5E7A8}.Release|ARM.Build.0 = Release|Any CPU
		{7AC96E0D-9415-4332-AF62-BD3390D5E7A8}.Release|iPhone.ActiveCfg = Release|Any CPU
		{7AC96E0D-9415-4332-AF62-BD3390D5E7A8}.Release|iPhone.Build.0 = Release|Any CPU
		{7AC96E0D-9415-4332-AF62-BD3390D5E7A8}.Release|iPhoneSimulator.ActiveCfg = Release|Any CPU
		{7AC96E0D-9415-4332-AF62-BD3390D5E7A8}.Release|iPhoneSimulator.Build.0 = Release|Any CPU
		{7AC96E0D-9415-4332-AF62-BD3390D5E7A8}.Release|x64.ActiveCfg = Release|Any CPU
		{7AC96E0D-9415-4332-AF62-BD3390D5E7A8}.Release|x64.Build.0 = Release|Any CPU
		{7AC96E0D-9415-4332-AF62-BD3390D5E7A8}.Release|x86.ActiveCfg = Release|Any CPU
		{7AC96E0D-9415-4332-AF62-BD3390D5E7A8}.Release|x86.Build.0 = Release|Any CPU
		{A9784939-EF6C-4A04-A96A-17507B694262}.Ad-Hoc|Any CPU.ActiveCfg = Release|Any CPU
		{A9784939-EF6C-4A04-A96A-17507B694262}.Ad-Hoc|Any CPU.Build.0 = Release|Any CPU
		{A9784939-EF6C-4A04-A96A-17507B694262}.Ad-Hoc|ARM.ActiveCfg = Release|Any CPU
		{A9784939-EF6C-4A04-A96A-17507B694262}.Ad-Hoc|ARM.Build.0 = Release|Any CPU
		{A9784939-EF6C-4A04-A96A-17507B694262}.Ad-Hoc|iPhone.ActiveCfg = Release|Any CPU
		{A9784939-EF6C-4A04-A96A-17507B694262}.Ad-Hoc|iPhone.Build.0 = Release|Any CPU
		{A9784939-EF6C-4A04-A96A-17507B694262}.Ad-Hoc|iPhoneSimulator.ActiveCfg = Release|Any CPU
		{A9784939-EF6C-4A04-A96A-17507B694262}.Ad-Hoc|iPhoneSimulator.Build.0 = Release|Any CPU
		{A9784939-EF6C-4A04-A96A-17507B694262}.Ad-Hoc|x64.ActiveCfg = Release|Any CPU
		{A9784939-EF6C-4A04-A96A-17507B694262}.Ad-Hoc|x64.Build.0 = Release|Any CPU
		{A9784939-EF6C-4A04-A96A-17507B694262}.Ad-Hoc|x86.ActiveCfg = Release|Any CPU
		{A9784939-EF6C-4A04-A96A-17507B694262}.Ad-Hoc|x86.Build.0 = Release|Any CPU
		{A9784939-EF6C-4A04-A96A-17507B694262}.AppStore|Any CPU.ActiveCfg = Release|Any CPU
		{A9784939-EF6C-4A04-A96A-17507B694262}.AppStore|Any CPU.Build.0 = Release|Any CPU
		{A9784939-EF6C-4A04-A96A-17507B694262}.AppStore|ARM.ActiveCfg = Release|Any CPU
		{A9784939-EF6C-4A04-A96A-17507B694262}.AppStore|ARM.Build.0 = Release|Any CPU
		{A9784939-EF6C-4A04-A96A-17507B694262}.AppStore|iPhone.ActiveCfg = Release|Any CPU
		{A9784939-EF6C-4A04-A96A-17507B694262}.AppStore|iPhone.Build.0 = Release|Any CPU
		{A9784939-EF6C-4A04-A96A-17507B694262}.AppStore|iPhoneSimulator.ActiveCfg = Release|Any CPU
		{A9784939-EF6C-4A04-A96A-17507B694262}.AppStore|iPhoneSimulator.Build.0 = Release|Any CPU
		{A9784939-EF6C-4A04-A96A-17507B694262}.AppStore|x64.ActiveCfg = Release|Any CPU
		{A9784939-EF6C-4A04-A96A-17507B694262}.AppStore|x64.Build.0 = Release|Any CPU
		{A9784939-EF6C-4A04-A96A-17507B694262}.AppStore|x86.ActiveCfg = Release|Any CPU
		{A9784939-EF6C-4A04-A96A-17507B694262}.AppStore|x86.Build.0 = Release|Any CPU
		{A9784939-EF6C-4A04-A96A-17507B694262}.Debug|Any CPU.ActiveCfg = Debug|Any CPU
		{A9784939-EF6C-4A04-A96A-17507B694262}.Debug|Any CPU.Build.0 = Debug|Any CPU
		{A9784939-EF6C-4A04-A96A-17507B694262}.Debug|ARM.ActiveCfg = Debug|Any CPU
		{A9784939-EF6C-4A04-A96A-17507B694262}.Debug|ARM.Build.0 = Debug|Any CPU
		{A9784939-EF6C-4A04-A96A-17507B694262}.Debug|iPhone.ActiveCfg = Debug|Any CPU
		{A9784939-EF6C-4A04-A96A-17507B694262}.Debug|iPhone.Build.0 = Debug|Any CPU
		{A9784939-EF6C-4A04-A96A-17507B694262}.Debug|iPhoneSimulator.ActiveCfg = Debug|Any CPU
		{A9784939-EF6C-4A04-A96A-17507B694262}.Debug|iPhoneSimulator.Build.0 = Debug|Any CPU
		{A9784939-EF6C-4A04-A96A-17507B694262}.Debug|x64.ActiveCfg = Debug|Any CPU
		{A9784939-EF6C-4A04-A96A-17507B694262}.Debug|x64.Build.0 = Debug|Any CPU
		{A9784939-EF6C-4A04-A96A-17507B694262}.Debug|x86.ActiveCfg = Debug|Any CPU
		{A9784939-EF6C-4A04-A96A-17507B694262}.Debug|x86.Build.0 = Debug|Any CPU
		{A9784939-EF6C-4A04-A96A-17507B694262}.Release|Any CPU.ActiveCfg = Release|Any CPU
		{A9784939-EF6C-4A04-A96A-17507B694262}.Release|Any CPU.Build.0 = Release|Any CPU
		{A9784939-EF6C-4A04-A96A-17507B694262}.Release|ARM.ActiveCfg = Release|Any CPU
		{A9784939-EF6C-4A04-A96A-17507B694262}.Release|ARM.Build.0 = Release|Any CPU
		{A9784939-EF6C-4A04-A96A-17507B694262}.Release|iPhone.ActiveCfg = Release|Any CPU
		{A9784939-EF6C-4A04-A96A-17507B694262}.Release|iPhone.Build.0 = Release|Any CPU
		{A9784939-EF6C-4A04-A96A-17507B694262}.Release|iPhoneSimulator.ActiveCfg = Release|Any CPU
		{A9784939-EF6C-4A04-A96A-17507B694262}.Release|iPhoneSimulator.Build.0 = Release|Any CPU
		{A9784939-EF6C-4A04-A96A-17507B694262}.Release|x64.ActiveCfg = Release|Any CPU
		{A9784939-EF6C-4A04-A96A-17507B694262}.Release|x64.Build.0 = Release|Any CPU
		{A9784939-EF6C-4A04-A96A-17507B694262}.Release|x86.ActiveCfg = Release|Any CPU
		{A9784939-EF6C-4A04-A96A-17507B694262}.Release|x86.Build.0 = Release|Any CPU
		{4AF25AEA-CBD5-4CF9-9703-6016FDCDD971}.Ad-Hoc|Any CPU.ActiveCfg = Release|Any CPU
		{4AF25AEA-CBD5-4CF9-9703-6016FDCDD971}.Ad-Hoc|Any CPU.Build.0 = Release|Any CPU
		{4AF25AEA-CBD5-4CF9-9703-6016FDCDD971}.Ad-Hoc|ARM.ActiveCfg = Release|Any CPU
		{4AF25AEA-CBD5-4CF9-9703-6016FDCDD971}.Ad-Hoc|ARM.Build.0 = Release|Any CPU
		{4AF25AEA-CBD5-4CF9-9703-6016FDCDD971}.Ad-Hoc|iPhone.ActiveCfg = Release|Any CPU
		{4AF25AEA-CBD5-4CF9-9703-6016FDCDD971}.Ad-Hoc|iPhone.Build.0 = Release|Any CPU
		{4AF25AEA-CBD5-4CF9-9703-6016FDCDD971}.Ad-Hoc|iPhoneSimulator.ActiveCfg = Release|Any CPU
		{4AF25AEA-CBD5-4CF9-9703-6016FDCDD971}.Ad-Hoc|iPhoneSimulator.Build.0 = Release|Any CPU
		{4AF25AEA-CBD5-4CF9-9703-6016FDCDD971}.Ad-Hoc|x64.ActiveCfg = Release|Any CPU
		{4AF25AEA-CBD5-4CF9-9703-6016FDCDD971}.Ad-Hoc|x64.Build.0 = Release|Any CPU
		{4AF25AEA-CBD5-4CF9-9703-6016FDCDD971}.Ad-Hoc|x86.ActiveCfg = Release|Any CPU
		{4AF25AEA-CBD5-4CF9-9703-6016FDCDD971}.Ad-Hoc|x86.Build.0 = Release|Any CPU
		{4AF25AEA-CBD5-4CF9-9703-6016FDCDD971}.AppStore|Any CPU.ActiveCfg = Release|Any CPU
		{4AF25AEA-CBD5-4CF9-9703-6016FDCDD971}.AppStore|Any CPU.Build.0 = Release|Any CPU
		{4AF25AEA-CBD5-4CF9-9703-6016FDCDD971}.AppStore|ARM.ActiveCfg = Release|Any CPU
		{4AF25AEA-CBD5-4CF9-9703-6016FDCDD971}.AppStore|ARM.Build.0 = Release|Any CPU
		{4AF25AEA-CBD5-4CF9-9703-6016FDCDD971}.AppStore|iPhone.ActiveCfg = Release|Any CPU
		{4AF25AEA-CBD5-4CF9-9703-6016FDCDD971}.AppStore|iPhone.Build.0 = Release|Any CPU
		{4AF25AEA-CBD5-4CF9-9703-6016FDCDD971}.AppStore|iPhoneSimulator.ActiveCfg = Release|Any CPU
		{4AF25AEA-CBD5-4CF9-9703-6016FDCDD971}.AppStore|iPhoneSimulator.Build.0 = Release|Any CPU
		{4AF25AEA-CBD5-4CF9-9703-6016FDCDD971}.AppStore|x64.ActiveCfg = Release|Any CPU
		{4AF25AEA-CBD5-4CF9-9703-6016FDCDD971}.AppStore|x64.Build.0 = Release|Any CPU
		{4AF25AEA-CBD5-4CF9-9703-6016FDCDD971}.AppStore|x86.ActiveCfg = Release|Any CPU
		{4AF25AEA-CBD5-4CF9-9703-6016FDCDD971}.AppStore|x86.Build.0 = Release|Any CPU
		{4AF25AEA-CBD5-4CF9-9703-6016FDCDD971}.Debug|Any CPU.ActiveCfg = Debug|Any CPU
		{4AF25AEA-CBD5-4CF9-9703-6016FDCDD971}.Debug|Any CPU.Build.0 = Debug|Any CPU
		{4AF25AEA-CBD5-4CF9-9703-6016FDCDD971}.Debug|ARM.ActiveCfg = Debug|Any CPU
		{4AF25AEA-CBD5-4CF9-9703-6016FDCDD971}.Debug|ARM.Build.0 = Debug|Any CPU
		{4AF25AEA-CBD5-4CF9-9703-6016FDCDD971}.Debug|iPhone.ActiveCfg = Debug|Any CPU
		{4AF25AEA-CBD5-4CF9-9703-6016FDCDD971}.Debug|iPhone.Build.0 = Debug|Any CPU
		{4AF25AEA-CBD5-4CF9-9703-6016FDCDD971}.Debug|iPhoneSimulator.ActiveCfg = Debug|Any CPU
		{4AF25AEA-CBD5-4CF9-9703-6016FDCDD971}.Debug|iPhoneSimulator.Build.0 = Debug|Any CPU
		{4AF25AEA-CBD5-4CF9-9703-6016FDCDD971}.Debug|x64.ActiveCfg = Debug|Any CPU
		{4AF25AEA-CBD5-4CF9-9703-6016FDCDD971}.Debug|x64.Build.0 = Debug|Any CPU
		{4AF25AEA-CBD5-4CF9-9703-6016FDCDD971}.Debug|x86.ActiveCfg = Debug|Any CPU
		{4AF25AEA-CBD5-4CF9-9703-6016FDCDD971}.Debug|x86.Build.0 = Debug|Any CPU
		{4AF25AEA-CBD5-4CF9-9703-6016FDCDD971}.Release|Any CPU.ActiveCfg = Release|Any CPU
		{4AF25AEA-CBD5-4CF9-9703-6016FDCDD971}.Release|Any CPU.Build.0 = Release|Any CPU
		{4AF25AEA-CBD5-4CF9-9703-6016FDCDD971}.Release|ARM.ActiveCfg = Release|Any CPU
		{4AF25AEA-CBD5-4CF9-9703-6016FDCDD971}.Release|ARM.Build.0 = Release|Any CPU
		{4AF25AEA-CBD5-4CF9-9703-6016FDCDD971}.Release|iPhone.ActiveCfg = Release|Any CPU
		{4AF25AEA-CBD5-4CF9-9703-6016FDCDD971}.Release|iPhone.Build.0 = Release|Any CPU
		{4AF25AEA-CBD5-4CF9-9703-6016FDCDD971}.Release|iPhoneSimulator.ActiveCfg = Release|Any CPU
		{4AF25AEA-CBD5-4CF9-9703-6016FDCDD971}.Release|iPhoneSimulator.Build.0 = Release|Any CPU
		{4AF25AEA-CBD5-4CF9-9703-6016FDCDD971}.Release|x64.ActiveCfg = Release|Any CPU
		{4AF25AEA-CBD5-4CF9-9703-6016FDCDD971}.Release|x64.Build.0 = Release|Any CPU
		{4AF25AEA-CBD5-4CF9-9703-6016FDCDD971}.Release|x86.ActiveCfg = Release|Any CPU
		{4AF25AEA-CBD5-4CF9-9703-6016FDCDD971}.Release|x86.Build.0 = Release|Any CPU
		{86DA7302-028D-42E9-ABEE-B451C1CABF8A}.Ad-Hoc|Any CPU.ActiveCfg = Release|Any CPU
		{86DA7302-028D-42E9-ABEE-B451C1CABF8A}.Ad-Hoc|Any CPU.Build.0 = Release|Any CPU
		{86DA7302-028D-42E9-ABEE-B451C1CABF8A}.Ad-Hoc|ARM.ActiveCfg = Release|Any CPU
		{86DA7302-028D-42E9-ABEE-B451C1CABF8A}.Ad-Hoc|ARM.Build.0 = Release|Any CPU
		{86DA7302-028D-42E9-ABEE-B451C1CABF8A}.Ad-Hoc|iPhone.ActiveCfg = Release|Any CPU
		{86DA7302-028D-42E9-ABEE-B451C1CABF8A}.Ad-Hoc|iPhone.Build.0 = Release|Any CPU
		{86DA7302-028D-42E9-ABEE-B451C1CABF8A}.Ad-Hoc|iPhoneSimulator.ActiveCfg = Release|Any CPU
		{86DA7302-028D-42E9-ABEE-B451C1CABF8A}.Ad-Hoc|iPhoneSimulator.Build.0 = Release|Any CPU
		{86DA7302-028D-42E9-ABEE-B451C1CABF8A}.Ad-Hoc|x64.ActiveCfg = Release|Any CPU
		{86DA7302-028D-42E9-ABEE-B451C1CABF8A}.Ad-Hoc|x64.Build.0 = Release|Any CPU
		{86DA7302-028D-42E9-ABEE-B451C1CABF8A}.Ad-Hoc|x86.ActiveCfg = Release|Any CPU
		{86DA7302-028D-42E9-ABEE-B451C1CABF8A}.Ad-Hoc|x86.Build.0 = Release|Any CPU
		{86DA7302-028D-42E9-ABEE-B451C1CABF8A}.AppStore|Any CPU.ActiveCfg = Release|Any CPU
		{86DA7302-028D-42E9-ABEE-B451C1CABF8A}.AppStore|Any CPU.Build.0 = Release|Any CPU
		{86DA7302-028D-42E9-ABEE-B451C1CABF8A}.AppStore|ARM.ActiveCfg = Release|Any CPU
		{86DA7302-028D-42E9-ABEE-B451C1CABF8A}.AppStore|ARM.Build.0 = Release|Any CPU
		{86DA7302-028D-42E9-ABEE-B451C1CABF8A}.AppStore|iPhone.ActiveCfg = Release|Any CPU
		{86DA7302-028D-42E9-ABEE-B451C1CABF8A}.AppStore|iPhone.Build.0 = Release|Any CPU
		{86DA7302-028D-42E9-ABEE-B451C1CABF8A}.AppStore|iPhoneSimulator.ActiveCfg = Release|Any CPU
		{86DA7302-028D-42E9-ABEE-B451C1CABF8A}.AppStore|iPhoneSimulator.Build.0 = Release|Any CPU
		{86DA7302-028D-42E9-ABEE-B451C1CABF8A}.AppStore|x64.ActiveCfg = Release|Any CPU
		{86DA7302-028D-42E9-ABEE-B451C1CABF8A}.AppStore|x64.Build.0 = Release|Any CPU
		{86DA7302-028D-42E9-ABEE-B451C1CABF8A}.AppStore|x86.ActiveCfg = Release|Any CPU
		{86DA7302-028D-42E9-ABEE-B451C1CABF8A}.AppStore|x86.Build.0 = Release|Any CPU
		{86DA7302-028D-42E9-ABEE-B451C1CABF8A}.Debug|Any CPU.ActiveCfg = Debug|Any CPU
		{86DA7302-028D-42E9-ABEE-B451C1CABF8A}.Debug|Any CPU.Build.0 = Debug|Any CPU
		{86DA7302-028D-42E9-ABEE-B451C1CABF8A}.Debug|ARM.ActiveCfg = Debug|Any CPU
		{86DA7302-028D-42E9-ABEE-B451C1CABF8A}.Debug|ARM.Build.0 = Debug|Any CPU
		{86DA7302-028D-42E9-ABEE-B451C1CABF8A}.Debug|iPhone.ActiveCfg = Debug|Any CPU
		{86DA7302-028D-42E9-ABEE-B451C1CABF8A}.Debug|iPhone.Build.0 = Debug|Any CPU
		{86DA7302-028D-42E9-ABEE-B451C1CABF8A}.Debug|iPhoneSimulator.ActiveCfg = Debug|Any CPU
		{86DA7302-028D-42E9-ABEE-B451C1CABF8A}.Debug|iPhoneSimulator.Build.0 = Debug|Any CPU
		{86DA7302-028D-42E9-ABEE-B451C1CABF8A}.Debug|x64.ActiveCfg = Debug|Any CPU
		{86DA7302-028D-42E9-ABEE-B451C1CABF8A}.Debug|x64.Build.0 = Debug|Any CPU
		{86DA7302-028D-42E9-ABEE-B451C1CABF8A}.Debug|x86.ActiveCfg = Debug|Any CPU
		{86DA7302-028D-42E9-ABEE-B451C1CABF8A}.Debug|x86.Build.0 = Debug|Any CPU
		{86DA7302-028D-42E9-ABEE-B451C1CABF8A}.Release|Any CPU.ActiveCfg = Release|Any CPU
		{86DA7302-028D-42E9-ABEE-B451C1CABF8A}.Release|Any CPU.Build.0 = Release|Any CPU
		{86DA7302-028D-42E9-ABEE-B451C1CABF8A}.Release|ARM.ActiveCfg = Release|Any CPU
		{86DA7302-028D-42E9-ABEE-B451C1CABF8A}.Release|ARM.Build.0 = Release|Any CPU
		{86DA7302-028D-42E9-ABEE-B451C1CABF8A}.Release|iPhone.ActiveCfg = Release|Any CPU
		{86DA7302-028D-42E9-ABEE-B451C1CABF8A}.Release|iPhone.Build.0 = Release|Any CPU
		{86DA7302-028D-42E9-ABEE-B451C1CABF8A}.Release|iPhoneSimulator.ActiveCfg = Release|Any CPU
		{86DA7302-028D-42E9-ABEE-B451C1CABF8A}.Release|iPhoneSimulator.Build.0 = Release|Any CPU
		{86DA7302-028D-42E9-ABEE-B451C1CABF8A}.Release|x64.ActiveCfg = Release|Any CPU
		{86DA7302-028D-42E9-ABEE-B451C1CABF8A}.Release|x64.Build.0 = Release|Any CPU
		{86DA7302-028D-42E9-ABEE-B451C1CABF8A}.Release|x86.ActiveCfg = Release|Any CPU
		{86DA7302-028D-42E9-ABEE-B451C1CABF8A}.Release|x86.Build.0 = Release|Any CPU
		{23BD4695-1870-4F9A-B573-19173F2ACCC2}.Ad-Hoc|Any CPU.ActiveCfg = Release|Any CPU
		{23BD4695-1870-4F9A-B573-19173F2ACCC2}.Ad-Hoc|Any CPU.Build.0 = Release|Any CPU
		{23BD4695-1870-4F9A-B573-19173F2ACCC2}.Ad-Hoc|ARM.ActiveCfg = Release|Any CPU
		{23BD4695-1870-4F9A-B573-19173F2ACCC2}.Ad-Hoc|ARM.Build.0 = Release|Any CPU
		{23BD4695-1870-4F9A-B573-19173F2ACCC2}.Ad-Hoc|iPhone.ActiveCfg = Release|Any CPU
		{23BD4695-1870-4F9A-B573-19173F2ACCC2}.Ad-Hoc|iPhone.Build.0 = Release|Any CPU
		{23BD4695-1870-4F9A-B573-19173F2ACCC2}.Ad-Hoc|iPhoneSimulator.ActiveCfg = Release|Any CPU
		{23BD4695-1870-4F9A-B573-19173F2ACCC2}.Ad-Hoc|iPhoneSimulator.Build.0 = Release|Any CPU
		{23BD4695-1870-4F9A-B573-19173F2ACCC2}.Ad-Hoc|x64.ActiveCfg = Release|Any CPU
		{23BD4695-1870-4F9A-B573-19173F2ACCC2}.Ad-Hoc|x64.Build.0 = Release|Any CPU
		{23BD4695-1870-4F9A-B573-19173F2ACCC2}.Ad-Hoc|x86.ActiveCfg = Release|Any CPU
		{23BD4695-1870-4F9A-B573-19173F2ACCC2}.Ad-Hoc|x86.Build.0 = Release|Any CPU
		{23BD4695-1870-4F9A-B573-19173F2ACCC2}.AppStore|Any CPU.ActiveCfg = Release|Any CPU
		{23BD4695-1870-4F9A-B573-19173F2ACCC2}.AppStore|Any CPU.Build.0 = Release|Any CPU
		{23BD4695-1870-4F9A-B573-19173F2ACCC2}.AppStore|ARM.ActiveCfg = Release|Any CPU
		{23BD4695-1870-4F9A-B573-19173F2ACCC2}.AppStore|ARM.Build.0 = Release|Any CPU
		{23BD4695-1870-4F9A-B573-19173F2ACCC2}.AppStore|iPhone.ActiveCfg = Release|Any CPU
		{23BD4695-1870-4F9A-B573-19173F2ACCC2}.AppStore|iPhone.Build.0 = Release|Any CPU
		{23BD4695-1870-4F9A-B573-19173F2ACCC2}.AppStore|iPhoneSimulator.ActiveCfg = Release|Any CPU
		{23BD4695-1870-4F9A-B573-19173F2ACCC2}.AppStore|iPhoneSimulator.Build.0 = Release|Any CPU
		{23BD4695-1870-4F9A-B573-19173F2ACCC2}.AppStore|x64.ActiveCfg = Release|Any CPU
		{23BD4695-1870-4F9A-B573-19173F2ACCC2}.AppStore|x64.Build.0 = Release|Any CPU
		{23BD4695-1870-4F9A-B573-19173F2ACCC2}.AppStore|x86.ActiveCfg = Release|Any CPU
		{23BD4695-1870-4F9A-B573-19173F2ACCC2}.AppStore|x86.Build.0 = Release|Any CPU
		{23BD4695-1870-4F9A-B573-19173F2ACCC2}.Debug|Any CPU.ActiveCfg = Debug|Any CPU
		{23BD4695-1870-4F9A-B573-19173F2ACCC2}.Debug|Any CPU.Build.0 = Debug|Any CPU
		{23BD4695-1870-4F9A-B573-19173F2ACCC2}.Debug|ARM.ActiveCfg = Debug|Any CPU
		{23BD4695-1870-4F9A-B573-19173F2ACCC2}.Debug|ARM.Build.0 = Debug|Any CPU
		{23BD4695-1870-4F9A-B573-19173F2ACCC2}.Debug|iPhone.ActiveCfg = Debug|Any CPU
		{23BD4695-1870-4F9A-B573-19173F2ACCC2}.Debug|iPhone.Build.0 = Debug|Any CPU
		{23BD4695-1870-4F9A-B573-19173F2ACCC2}.Debug|iPhoneSimulator.ActiveCfg = Debug|Any CPU
		{23BD4695-1870-4F9A-B573-19173F2ACCC2}.Debug|iPhoneSimulator.Build.0 = Debug|Any CPU
		{23BD4695-1870-4F9A-B573-19173F2ACCC2}.Debug|x64.ActiveCfg = Debug|Any CPU
		{23BD4695-1870-4F9A-B573-19173F2ACCC2}.Debug|x64.Build.0 = Debug|Any CPU
		{23BD4695-1870-4F9A-B573-19173F2ACCC2}.Debug|x86.ActiveCfg = Debug|Any CPU
		{23BD4695-1870-4F9A-B573-19173F2ACCC2}.Debug|x86.Build.0 = Debug|Any CPU
		{23BD4695-1870-4F9A-B573-19173F2ACCC2}.Release|Any CPU.ActiveCfg = Release|Any CPU
		{23BD4695-1870-4F9A-B573-19173F2ACCC2}.Release|Any CPU.Build.0 = Release|Any CPU
		{23BD4695-1870-4F9A-B573-19173F2ACCC2}.Release|ARM.ActiveCfg = Release|Any CPU
		{23BD4695-1870-4F9A-B573-19173F2ACCC2}.Release|ARM.Build.0 = Release|Any CPU
		{23BD4695-1870-4F9A-B573-19173F2ACCC2}.Release|iPhone.ActiveCfg = Release|Any CPU
		{23BD4695-1870-4F9A-B573-19173F2ACCC2}.Release|iPhone.Build.0 = Release|Any CPU
		{23BD4695-1870-4F9A-B573-19173F2ACCC2}.Release|iPhoneSimulator.ActiveCfg = Release|Any CPU
		{23BD4695-1870-4F9A-B573-19173F2ACCC2}.Release|iPhoneSimulator.Build.0 = Release|Any CPU
		{23BD4695-1870-4F9A-B573-19173F2ACCC2}.Release|x64.ActiveCfg = Release|Any CPU
		{23BD4695-1870-4F9A-B573-19173F2ACCC2}.Release|x64.Build.0 = Release|Any CPU
		{23BD4695-1870-4F9A-B573-19173F2ACCC2}.Release|x86.ActiveCfg = Release|Any CPU
		{23BD4695-1870-4F9A-B573-19173F2ACCC2}.Release|x86.Build.0 = Release|Any CPU
		{F527EACC-4C07-4F42-BB6B-0FE396E48416}.Ad-Hoc|Any CPU.ActiveCfg = Release|Any CPU
		{F527EACC-4C07-4F42-BB6B-0FE396E48416}.Ad-Hoc|Any CPU.Build.0 = Release|Any CPU
		{F527EACC-4C07-4F42-BB6B-0FE396E48416}.Ad-Hoc|ARM.ActiveCfg = Release|Any CPU
		{F527EACC-4C07-4F42-BB6B-0FE396E48416}.Ad-Hoc|ARM.Build.0 = Release|Any CPU
		{F527EACC-4C07-4F42-BB6B-0FE396E48416}.Ad-Hoc|iPhone.ActiveCfg = Release|Any CPU
		{F527EACC-4C07-4F42-BB6B-0FE396E48416}.Ad-Hoc|iPhone.Build.0 = Release|Any CPU
		{F527EACC-4C07-4F42-BB6B-0FE396E48416}.Ad-Hoc|iPhoneSimulator.ActiveCfg = Release|Any CPU
		{F527EACC-4C07-4F42-BB6B-0FE396E48416}.Ad-Hoc|iPhoneSimulator.Build.0 = Release|Any CPU
		{F527EACC-4C07-4F42-BB6B-0FE396E48416}.Ad-Hoc|x64.ActiveCfg = Release|Any CPU
		{F527EACC-4C07-4F42-BB6B-0FE396E48416}.Ad-Hoc|x64.Build.0 = Release|Any CPU
		{F527EACC-4C07-4F42-BB6B-0FE396E48416}.Ad-Hoc|x86.ActiveCfg = Release|Any CPU
		{F527EACC-4C07-4F42-BB6B-0FE396E48416}.Ad-Hoc|x86.Build.0 = Release|Any CPU
		{F527EACC-4C07-4F42-BB6B-0FE396E48416}.AppStore|Any CPU.ActiveCfg = Release|Any CPU
		{F527EACC-4C07-4F42-BB6B-0FE396E48416}.AppStore|Any CPU.Build.0 = Release|Any CPU
		{F527EACC-4C07-4F42-BB6B-0FE396E48416}.AppStore|ARM.ActiveCfg = Release|Any CPU
		{F527EACC-4C07-4F42-BB6B-0FE396E48416}.AppStore|ARM.Build.0 = Release|Any CPU
		{F527EACC-4C07-4F42-BB6B-0FE396E48416}.AppStore|iPhone.ActiveCfg = Release|Any CPU
		{F527EACC-4C07-4F42-BB6B-0FE396E48416}.AppStore|iPhone.Build.0 = Release|Any CPU
		{F527EACC-4C07-4F42-BB6B-0FE396E48416}.AppStore|iPhoneSimulator.ActiveCfg = Release|Any CPU
		{F527EACC-4C07-4F42-BB6B-0FE396E48416}.AppStore|iPhoneSimulator.Build.0 = Release|Any CPU
		{F527EACC-4C07-4F42-BB6B-0FE396E48416}.AppStore|x64.ActiveCfg = Release|Any CPU
		{F527EACC-4C07-4F42-BB6B-0FE396E48416}.AppStore|x64.Build.0 = Release|Any CPU
		{F527EACC-4C07-4F42-BB6B-0FE396E48416}.AppStore|x86.ActiveCfg = Release|Any CPU
		{F527EACC-4C07-4F42-BB6B-0FE396E48416}.AppStore|x86.Build.0 = Release|Any CPU
		{F527EACC-4C07-4F42-BB6B-0FE396E48416}.Debug|Any CPU.ActiveCfg = Debug|Any CPU
		{F527EACC-4C07-4F42-BB6B-0FE396E48416}.Debug|Any CPU.Build.0 = Debug|Any CPU
		{F527EACC-4C07-4F42-BB6B-0FE396E48416}.Debug|ARM.ActiveCfg = Debug|Any CPU
		{F527EACC-4C07-4F42-BB6B-0FE396E48416}.Debug|ARM.Build.0 = Debug|Any CPU
		{F527EACC-4C07-4F42-BB6B-0FE396E48416}.Debug|iPhone.ActiveCfg = Debug|Any CPU
		{F527EACC-4C07-4F42-BB6B-0FE396E48416}.Debug|iPhone.Build.0 = Debug|Any CPU
		{F527EACC-4C07-4F42-BB6B-0FE396E48416}.Debug|iPhoneSimulator.ActiveCfg = Debug|Any CPU
		{F527EACC-4C07-4F42-BB6B-0FE396E48416}.Debug|iPhoneSimulator.Build.0 = Debug|Any CPU
		{F527EACC-4C07-4F42-BB6B-0FE396E48416}.Debug|x64.ActiveCfg = Debug|Any CPU
		{F527EACC-4C07-4F42-BB6B-0FE396E48416}.Debug|x64.Build.0 = Debug|Any CPU
		{F527EACC-4C07-4F42-BB6B-0FE396E48416}.Debug|x86.ActiveCfg = Debug|Any CPU
		{F527EACC-4C07-4F42-BB6B-0FE396E48416}.Debug|x86.Build.0 = Debug|Any CPU
		{F527EACC-4C07-4F42-BB6B-0FE396E48416}.Release|Any CPU.ActiveCfg = Release|Any CPU
		{F527EACC-4C07-4F42-BB6B-0FE396E48416}.Release|Any CPU.Build.0 = Release|Any CPU
		{F527EACC-4C07-4F42-BB6B-0FE396E48416}.Release|ARM.ActiveCfg = Release|Any CPU
		{F527EACC-4C07-4F42-BB6B-0FE396E48416}.Release|ARM.Build.0 = Release|Any CPU
		{F527EACC-4C07-4F42-BB6B-0FE396E48416}.Release|iPhone.ActiveCfg = Release|Any CPU
		{F527EACC-4C07-4F42-BB6B-0FE396E48416}.Release|iPhone.Build.0 = Release|Any CPU
		{F527EACC-4C07-4F42-BB6B-0FE396E48416}.Release|iPhoneSimulator.ActiveCfg = Release|Any CPU
		{F527EACC-4C07-4F42-BB6B-0FE396E48416}.Release|iPhoneSimulator.Build.0 = Release|Any CPU
		{F527EACC-4C07-4F42-BB6B-0FE396E48416}.Release|x64.ActiveCfg = Release|Any CPU
		{F527EACC-4C07-4F42-BB6B-0FE396E48416}.Release|x64.Build.0 = Release|Any CPU
		{F527EACC-4C07-4F42-BB6B-0FE396E48416}.Release|x86.ActiveCfg = Release|Any CPU
		{F527EACC-4C07-4F42-BB6B-0FE396E48416}.Release|x86.Build.0 = Release|Any CPU
		{F8BB32D6-83B6-44B7-9898-7308BBDB27F8}.Ad-Hoc|Any CPU.ActiveCfg = Release|Any CPU
		{F8BB32D6-83B6-44B7-9898-7308BBDB27F8}.Ad-Hoc|Any CPU.Build.0 = Release|Any CPU
		{F8BB32D6-83B6-44B7-9898-7308BBDB27F8}.Ad-Hoc|Any CPU.Deploy.0 = Release|Any CPU
		{F8BB32D6-83B6-44B7-9898-7308BBDB27F8}.Ad-Hoc|ARM.ActiveCfg = Release|Any CPU
		{F8BB32D6-83B6-44B7-9898-7308BBDB27F8}.Ad-Hoc|ARM.Build.0 = Release|Any CPU
		{F8BB32D6-83B6-44B7-9898-7308BBDB27F8}.Ad-Hoc|ARM.Deploy.0 = Release|Any CPU
		{F8BB32D6-83B6-44B7-9898-7308BBDB27F8}.Ad-Hoc|iPhone.ActiveCfg = Release|Any CPU
		{F8BB32D6-83B6-44B7-9898-7308BBDB27F8}.Ad-Hoc|iPhone.Build.0 = Release|Any CPU
		{F8BB32D6-83B6-44B7-9898-7308BBDB27F8}.Ad-Hoc|iPhone.Deploy.0 = Release|Any CPU
		{F8BB32D6-83B6-44B7-9898-7308BBDB27F8}.Ad-Hoc|iPhoneSimulator.ActiveCfg = Release|Any CPU
		{F8BB32D6-83B6-44B7-9898-7308BBDB27F8}.Ad-Hoc|iPhoneSimulator.Build.0 = Release|Any CPU
		{F8BB32D6-83B6-44B7-9898-7308BBDB27F8}.Ad-Hoc|iPhoneSimulator.Deploy.0 = Release|Any CPU
		{F8BB32D6-83B6-44B7-9898-7308BBDB27F8}.Ad-Hoc|x64.ActiveCfg = Release|Any CPU
		{F8BB32D6-83B6-44B7-9898-7308BBDB27F8}.Ad-Hoc|x64.Build.0 = Release|Any CPU
		{F8BB32D6-83B6-44B7-9898-7308BBDB27F8}.Ad-Hoc|x64.Deploy.0 = Release|Any CPU
		{F8BB32D6-83B6-44B7-9898-7308BBDB27F8}.Ad-Hoc|x86.ActiveCfg = Release|Any CPU
		{F8BB32D6-83B6-44B7-9898-7308BBDB27F8}.Ad-Hoc|x86.Build.0 = Release|Any CPU
		{F8BB32D6-83B6-44B7-9898-7308BBDB27F8}.Ad-Hoc|x86.Deploy.0 = Release|Any CPU
		{F8BB32D6-83B6-44B7-9898-7308BBDB27F8}.AppStore|Any CPU.ActiveCfg = Release|Any CPU
		{F8BB32D6-83B6-44B7-9898-7308BBDB27F8}.AppStore|Any CPU.Build.0 = Release|Any CPU
		{F8BB32D6-83B6-44B7-9898-7308BBDB27F8}.AppStore|Any CPU.Deploy.0 = Release|Any CPU
		{F8BB32D6-83B6-44B7-9898-7308BBDB27F8}.AppStore|ARM.ActiveCfg = Release|Any CPU
		{F8BB32D6-83B6-44B7-9898-7308BBDB27F8}.AppStore|ARM.Build.0 = Release|Any CPU
		{F8BB32D6-83B6-44B7-9898-7308BBDB27F8}.AppStore|ARM.Deploy.0 = Release|Any CPU
		{F8BB32D6-83B6-44B7-9898-7308BBDB27F8}.AppStore|iPhone.ActiveCfg = Release|Any CPU
		{F8BB32D6-83B6-44B7-9898-7308BBDB27F8}.AppStore|iPhone.Build.0 = Release|Any CPU
		{F8BB32D6-83B6-44B7-9898-7308BBDB27F8}.AppStore|iPhone.Deploy.0 = Release|Any CPU
		{F8BB32D6-83B6-44B7-9898-7308BBDB27F8}.AppStore|iPhoneSimulator.ActiveCfg = Release|Any CPU
		{F8BB32D6-83B6-44B7-9898-7308BBDB27F8}.AppStore|iPhoneSimulator.Build.0 = Release|Any CPU
		{F8BB32D6-83B6-44B7-9898-7308BBDB27F8}.AppStore|iPhoneSimulator.Deploy.0 = Release|Any CPU
		{F8BB32D6-83B6-44B7-9898-7308BBDB27F8}.AppStore|x64.ActiveCfg = Release|Any CPU
		{F8BB32D6-83B6-44B7-9898-7308BBDB27F8}.AppStore|x64.Build.0 = Release|Any CPU
		{F8BB32D6-83B6-44B7-9898-7308BBDB27F8}.AppStore|x64.Deploy.0 = Release|Any CPU
		{F8BB32D6-83B6-44B7-9898-7308BBDB27F8}.AppStore|x86.ActiveCfg = Release|Any CPU
		{F8BB32D6-83B6-44B7-9898-7308BBDB27F8}.AppStore|x86.Build.0 = Release|Any CPU
		{F8BB32D6-83B6-44B7-9898-7308BBDB27F8}.AppStore|x86.Deploy.0 = Release|Any CPU
		{F8BB32D6-83B6-44B7-9898-7308BBDB27F8}.Debug|Any CPU.ActiveCfg = Debug|Any CPU
		{F8BB32D6-83B6-44B7-9898-7308BBDB27F8}.Debug|Any CPU.Build.0 = Debug|Any CPU
		{F8BB32D6-83B6-44B7-9898-7308BBDB27F8}.Debug|Any CPU.Deploy.0 = Debug|Any CPU
		{F8BB32D6-83B6-44B7-9898-7308BBDB27F8}.Debug|ARM.ActiveCfg = Debug|Any CPU
		{F8BB32D6-83B6-44B7-9898-7308BBDB27F8}.Debug|ARM.Build.0 = Debug|Any CPU
		{F8BB32D6-83B6-44B7-9898-7308BBDB27F8}.Debug|ARM.Deploy.0 = Debug|Any CPU
		{F8BB32D6-83B6-44B7-9898-7308BBDB27F8}.Debug|iPhone.ActiveCfg = Debug|Any CPU
		{F8BB32D6-83B6-44B7-9898-7308BBDB27F8}.Debug|iPhone.Build.0 = Debug|Any CPU
		{F8BB32D6-83B6-44B7-9898-7308BBDB27F8}.Debug|iPhone.Deploy.0 = Debug|Any CPU
		{F8BB32D6-83B6-44B7-9898-7308BBDB27F8}.Debug|iPhoneSimulator.ActiveCfg = Debug|Any CPU
		{F8BB32D6-83B6-44B7-9898-7308BBDB27F8}.Debug|iPhoneSimulator.Build.0 = Debug|Any CPU
		{F8BB32D6-83B6-44B7-9898-7308BBDB27F8}.Debug|iPhoneSimulator.Deploy.0 = Debug|Any CPU
		{F8BB32D6-83B6-44B7-9898-7308BBDB27F8}.Debug|x64.ActiveCfg = Debug|Any CPU
		{F8BB32D6-83B6-44B7-9898-7308BBDB27F8}.Debug|x64.Build.0 = Debug|Any CPU
		{F8BB32D6-83B6-44B7-9898-7308BBDB27F8}.Debug|x64.Deploy.0 = Debug|Any CPU
		{F8BB32D6-83B6-44B7-9898-7308BBDB27F8}.Debug|x86.ActiveCfg = Debug|Any CPU
		{F8BB32D6-83B6-44B7-9898-7308BBDB27F8}.Debug|x86.Build.0 = Debug|Any CPU
		{F8BB32D6-83B6-44B7-9898-7308BBDB27F8}.Debug|x86.Deploy.0 = Debug|Any CPU
		{F8BB32D6-83B6-44B7-9898-7308BBDB27F8}.Release|Any CPU.ActiveCfg = Release|Any CPU
		{F8BB32D6-83B6-44B7-9898-7308BBDB27F8}.Release|Any CPU.Build.0 = Release|Any CPU
		{F8BB32D6-83B6-44B7-9898-7308BBDB27F8}.Release|Any CPU.Deploy.0 = Release|Any CPU
		{F8BB32D6-83B6-44B7-9898-7308BBDB27F8}.Release|ARM.ActiveCfg = Release|Any CPU
		{F8BB32D6-83B6-44B7-9898-7308BBDB27F8}.Release|ARM.Build.0 = Release|Any CPU
		{F8BB32D6-83B6-44B7-9898-7308BBDB27F8}.Release|ARM.Deploy.0 = Release|Any CPU
		{F8BB32D6-83B6-44B7-9898-7308BBDB27F8}.Release|iPhone.ActiveCfg = Release|Any CPU
		{F8BB32D6-83B6-44B7-9898-7308BBDB27F8}.Release|iPhone.Build.0 = Release|Any CPU
		{F8BB32D6-83B6-44B7-9898-7308BBDB27F8}.Release|iPhone.Deploy.0 = Release|Any CPU
		{F8BB32D6-83B6-44B7-9898-7308BBDB27F8}.Release|iPhoneSimulator.ActiveCfg = Release|Any CPU
		{F8BB32D6-83B6-44B7-9898-7308BBDB27F8}.Release|iPhoneSimulator.Build.0 = Release|Any CPU
		{F8BB32D6-83B6-44B7-9898-7308BBDB27F8}.Release|iPhoneSimulator.Deploy.0 = Release|Any CPU
		{F8BB32D6-83B6-44B7-9898-7308BBDB27F8}.Release|x64.ActiveCfg = Release|Any CPU
		{F8BB32D6-83B6-44B7-9898-7308BBDB27F8}.Release|x64.Build.0 = Release|Any CPU
		{F8BB32D6-83B6-44B7-9898-7308BBDB27F8}.Release|x64.Deploy.0 = Release|Any CPU
		{F8BB32D6-83B6-44B7-9898-7308BBDB27F8}.Release|x86.ActiveCfg = Release|Any CPU
		{F8BB32D6-83B6-44B7-9898-7308BBDB27F8}.Release|x86.Build.0 = Release|Any CPU
		{F8BB32D6-83B6-44B7-9898-7308BBDB27F8}.Release|x86.Deploy.0 = Release|Any CPU
		{BDE63E22-D218-47CF-B3BD-6AA87813C89D}.Ad-Hoc|Any CPU.ActiveCfg = Release|Any CPU
		{BDE63E22-D218-47CF-B3BD-6AA87813C89D}.Ad-Hoc|Any CPU.Build.0 = Release|Any CPU
		{BDE63E22-D218-47CF-B3BD-6AA87813C89D}.Ad-Hoc|ARM.ActiveCfg = Release|Any CPU
		{BDE63E22-D218-47CF-B3BD-6AA87813C89D}.Ad-Hoc|ARM.Build.0 = Release|Any CPU
		{BDE63E22-D218-47CF-B3BD-6AA87813C89D}.Ad-Hoc|iPhone.ActiveCfg = Release|Any CPU
		{BDE63E22-D218-47CF-B3BD-6AA87813C89D}.Ad-Hoc|iPhone.Build.0 = Release|Any CPU
		{BDE63E22-D218-47CF-B3BD-6AA87813C89D}.Ad-Hoc|iPhoneSimulator.ActiveCfg = Release|Any CPU
		{BDE63E22-D218-47CF-B3BD-6AA87813C89D}.Ad-Hoc|iPhoneSimulator.Build.0 = Release|Any CPU
		{BDE63E22-D218-47CF-B3BD-6AA87813C89D}.Ad-Hoc|x64.ActiveCfg = Release|Any CPU
		{BDE63E22-D218-47CF-B3BD-6AA87813C89D}.Ad-Hoc|x64.Build.0 = Release|Any CPU
		{BDE63E22-D218-47CF-B3BD-6AA87813C89D}.Ad-Hoc|x86.ActiveCfg = Release|Any CPU
		{BDE63E22-D218-47CF-B3BD-6AA87813C89D}.Ad-Hoc|x86.Build.0 = Release|Any CPU
		{BDE63E22-D218-47CF-B3BD-6AA87813C89D}.AppStore|Any CPU.ActiveCfg = Release|Any CPU
		{BDE63E22-D218-47CF-B3BD-6AA87813C89D}.AppStore|Any CPU.Build.0 = Release|Any CPU
		{BDE63E22-D218-47CF-B3BD-6AA87813C89D}.AppStore|ARM.ActiveCfg = Release|Any CPU
		{BDE63E22-D218-47CF-B3BD-6AA87813C89D}.AppStore|ARM.Build.0 = Release|Any CPU
		{BDE63E22-D218-47CF-B3BD-6AA87813C89D}.AppStore|iPhone.ActiveCfg = Release|Any CPU
		{BDE63E22-D218-47CF-B3BD-6AA87813C89D}.AppStore|iPhone.Build.0 = Release|Any CPU
		{BDE63E22-D218-47CF-B3BD-6AA87813C89D}.AppStore|iPhoneSimulator.ActiveCfg = Release|Any CPU
		{BDE63E22-D218-47CF-B3BD-6AA87813C89D}.AppStore|iPhoneSimulator.Build.0 = Release|Any CPU
		{BDE63E22-D218-47CF-B3BD-6AA87813C89D}.AppStore|x64.ActiveCfg = Release|Any CPU
		{BDE63E22-D218-47CF-B3BD-6AA87813C89D}.AppStore|x64.Build.0 = Release|Any CPU
		{BDE63E22-D218-47CF-B3BD-6AA87813C89D}.AppStore|x86.ActiveCfg = Release|Any CPU
		{BDE63E22-D218-47CF-B3BD-6AA87813C89D}.AppStore|x86.Build.0 = Release|Any CPU
		{BDE63E22-D218-47CF-B3BD-6AA87813C89D}.Debug|Any CPU.ActiveCfg = Debug|Any CPU
		{BDE63E22-D218-47CF-B3BD-6AA87813C89D}.Debug|Any CPU.Build.0 = Debug|Any CPU
		{BDE63E22-D218-47CF-B3BD-6AA87813C89D}.Debug|ARM.ActiveCfg = Debug|Any CPU
		{BDE63E22-D218-47CF-B3BD-6AA87813C89D}.Debug|ARM.Build.0 = Debug|Any CPU
		{BDE63E22-D218-47CF-B3BD-6AA87813C89D}.Debug|iPhone.ActiveCfg = Debug|Any CPU
		{BDE63E22-D218-47CF-B3BD-6AA87813C89D}.Debug|iPhone.Build.0 = Debug|Any CPU
		{BDE63E22-D218-47CF-B3BD-6AA87813C89D}.Debug|iPhoneSimulator.ActiveCfg = Debug|Any CPU
		{BDE63E22-D218-47CF-B3BD-6AA87813C89D}.Debug|iPhoneSimulator.Build.0 = Debug|Any CPU
		{BDE63E22-D218-47CF-B3BD-6AA87813C89D}.Debug|x64.ActiveCfg = Debug|Any CPU
		{BDE63E22-D218-47CF-B3BD-6AA87813C89D}.Debug|x64.Build.0 = Debug|Any CPU
		{BDE63E22-D218-47CF-B3BD-6AA87813C89D}.Debug|x86.ActiveCfg = Debug|Any CPU
		{BDE63E22-D218-47CF-B3BD-6AA87813C89D}.Debug|x86.Build.0 = Debug|Any CPU
		{BDE63E22-D218-47CF-B3BD-6AA87813C89D}.Release|Any CPU.ActiveCfg = Release|Any CPU
		{BDE63E22-D218-47CF-B3BD-6AA87813C89D}.Release|Any CPU.Build.0 = Release|Any CPU
		{BDE63E22-D218-47CF-B3BD-6AA87813C89D}.Release|ARM.ActiveCfg = Release|Any CPU
		{BDE63E22-D218-47CF-B3BD-6AA87813C89D}.Release|ARM.Build.0 = Release|Any CPU
		{BDE63E22-D218-47CF-B3BD-6AA87813C89D}.Release|iPhone.ActiveCfg = Release|Any CPU
		{BDE63E22-D218-47CF-B3BD-6AA87813C89D}.Release|iPhone.Build.0 = Release|Any CPU
		{BDE63E22-D218-47CF-B3BD-6AA87813C89D}.Release|iPhoneSimulator.ActiveCfg = Release|Any CPU
		{BDE63E22-D218-47CF-B3BD-6AA87813C89D}.Release|iPhoneSimulator.Build.0 = Release|Any CPU
		{BDE63E22-D218-47CF-B3BD-6AA87813C89D}.Release|x64.ActiveCfg = Release|Any CPU
		{BDE63E22-D218-47CF-B3BD-6AA87813C89D}.Release|x64.Build.0 = Release|Any CPU
		{BDE63E22-D218-47CF-B3BD-6AA87813C89D}.Release|x86.ActiveCfg = Release|Any CPU
		{BDE63E22-D218-47CF-B3BD-6AA87813C89D}.Release|x86.Build.0 = Release|Any CPU
		{29E08C53-99CE-424E-9DD5-8BD0AA18B653}.Ad-Hoc|Any CPU.ActiveCfg = AppStore|Any CPU
		{29E08C53-99CE-424E-9DD5-8BD0AA18B653}.Ad-Hoc|Any CPU.Build.0 = AppStore|Any CPU
		{29E08C53-99CE-424E-9DD5-8BD0AA18B653}.Ad-Hoc|ARM.ActiveCfg = AppStore|Any CPU
		{29E08C53-99CE-424E-9DD5-8BD0AA18B653}.Ad-Hoc|ARM.Build.0 = AppStore|Any CPU
		{29E08C53-99CE-424E-9DD5-8BD0AA18B653}.Ad-Hoc|iPhone.ActiveCfg = AppStore|Any CPU
		{29E08C53-99CE-424E-9DD5-8BD0AA18B653}.Ad-Hoc|iPhone.Build.0 = AppStore|Any CPU
		{29E08C53-99CE-424E-9DD5-8BD0AA18B653}.Ad-Hoc|iPhoneSimulator.ActiveCfg = AppStore|Any CPU
		{29E08C53-99CE-424E-9DD5-8BD0AA18B653}.Ad-Hoc|iPhoneSimulator.Build.0 = AppStore|Any CPU
		{29E08C53-99CE-424E-9DD5-8BD0AA18B653}.Ad-Hoc|x64.ActiveCfg = AppStore|Any CPU
		{29E08C53-99CE-424E-9DD5-8BD0AA18B653}.Ad-Hoc|x64.Build.0 = AppStore|Any CPU
		{29E08C53-99CE-424E-9DD5-8BD0AA18B653}.Ad-Hoc|x86.ActiveCfg = AppStore|Any CPU
		{29E08C53-99CE-424E-9DD5-8BD0AA18B653}.Ad-Hoc|x86.Build.0 = AppStore|Any CPU
		{29E08C53-99CE-424E-9DD5-8BD0AA18B653}.AppStore|Any CPU.ActiveCfg = AppStore|Any CPU
		{29E08C53-99CE-424E-9DD5-8BD0AA18B653}.AppStore|Any CPU.Build.0 = AppStore|Any CPU
		{29E08C53-99CE-424E-9DD5-8BD0AA18B653}.AppStore|ARM.ActiveCfg = AppStore|Any CPU
		{29E08C53-99CE-424E-9DD5-8BD0AA18B653}.AppStore|ARM.Build.0 = AppStore|Any CPU
		{29E08C53-99CE-424E-9DD5-8BD0AA18B653}.AppStore|iPhone.ActiveCfg = AppStore|Any CPU
		{29E08C53-99CE-424E-9DD5-8BD0AA18B653}.AppStore|iPhone.Build.0 = AppStore|Any CPU
		{29E08C53-99CE-424E-9DD5-8BD0AA18B653}.AppStore|iPhoneSimulator.ActiveCfg = AppStore|Any CPU
		{29E08C53-99CE-424E-9DD5-8BD0AA18B653}.AppStore|iPhoneSimulator.Build.0 = AppStore|Any CPU
		{29E08C53-99CE-424E-9DD5-8BD0AA18B653}.AppStore|x64.ActiveCfg = AppStore|Any CPU
		{29E08C53-99CE-424E-9DD5-8BD0AA18B653}.AppStore|x64.Build.0 = AppStore|Any CPU
		{29E08C53-99CE-424E-9DD5-8BD0AA18B653}.AppStore|x86.ActiveCfg = AppStore|Any CPU
		{29E08C53-99CE-424E-9DD5-8BD0AA18B653}.AppStore|x86.Build.0 = AppStore|Any CPU
		{29E08C53-99CE-424E-9DD5-8BD0AA18B653}.Debug|Any CPU.ActiveCfg = Debug|Any CPU
		{29E08C53-99CE-424E-9DD5-8BD0AA18B653}.Debug|Any CPU.Build.0 = Debug|Any CPU
		{29E08C53-99CE-424E-9DD5-8BD0AA18B653}.Debug|ARM.ActiveCfg = Debug|Any CPU
		{29E08C53-99CE-424E-9DD5-8BD0AA18B653}.Debug|ARM.Build.0 = Debug|Any CPU
		{29E08C53-99CE-424E-9DD5-8BD0AA18B653}.Debug|iPhone.ActiveCfg = Debug|Any CPU
		{29E08C53-99CE-424E-9DD5-8BD0AA18B653}.Debug|iPhone.Build.0 = Debug|Any CPU
		{29E08C53-99CE-424E-9DD5-8BD0AA18B653}.Debug|iPhoneSimulator.ActiveCfg = Debug|Any CPU
		{29E08C53-99CE-424E-9DD5-8BD0AA18B653}.Debug|iPhoneSimulator.Build.0 = Debug|Any CPU
		{29E08C53-99CE-424E-9DD5-8BD0AA18B653}.Debug|x64.ActiveCfg = Debug|Any CPU
		{29E08C53-99CE-424E-9DD5-8BD0AA18B653}.Debug|x64.Build.0 = Debug|Any CPU
		{29E08C53-99CE-424E-9DD5-8BD0AA18B653}.Debug|x86.ActiveCfg = Debug|Any CPU
		{29E08C53-99CE-424E-9DD5-8BD0AA18B653}.Debug|x86.Build.0 = Debug|Any CPU
		{29E08C53-99CE-424E-9DD5-8BD0AA18B653}.Release|Any CPU.ActiveCfg = Release|Any CPU
		{29E08C53-99CE-424E-9DD5-8BD0AA18B653}.Release|Any CPU.Build.0 = Release|Any CPU
		{29E08C53-99CE-424E-9DD5-8BD0AA18B653}.Release|ARM.ActiveCfg = Release|Any CPU
		{29E08C53-99CE-424E-9DD5-8BD0AA18B653}.Release|ARM.Build.0 = Release|Any CPU
		{29E08C53-99CE-424E-9DD5-8BD0AA18B653}.Release|iPhone.ActiveCfg = Release|Any CPU
		{29E08C53-99CE-424E-9DD5-8BD0AA18B653}.Release|iPhone.Build.0 = Release|Any CPU
		{29E08C53-99CE-424E-9DD5-8BD0AA18B653}.Release|iPhoneSimulator.ActiveCfg = Release|Any CPU
		{29E08C53-99CE-424E-9DD5-8BD0AA18B653}.Release|iPhoneSimulator.Build.0 = Release|Any CPU
		{29E08C53-99CE-424E-9DD5-8BD0AA18B653}.Release|x64.ActiveCfg = Release|Any CPU
		{29E08C53-99CE-424E-9DD5-8BD0AA18B653}.Release|x64.Build.0 = Release|Any CPU
		{29E08C53-99CE-424E-9DD5-8BD0AA18B653}.Release|x86.ActiveCfg = Release|Any CPU
		{29E08C53-99CE-424E-9DD5-8BD0AA18B653}.Release|x86.Build.0 = Release|Any CPU
		{D095781B-B1B6-4FA5-B075-0E68C6D8A907}.Ad-Hoc|Any CPU.ActiveCfg = Ad-Hoc|iPhone
		{D095781B-B1B6-4FA5-B075-0E68C6D8A907}.Ad-Hoc|ARM.ActiveCfg = Ad-Hoc|iPhone
		{D095781B-B1B6-4FA5-B075-0E68C6D8A907}.Ad-Hoc|iPhone.ActiveCfg = Ad-Hoc|iPhone
		{D095781B-B1B6-4FA5-B075-0E68C6D8A907}.Ad-Hoc|iPhone.Build.0 = Ad-Hoc|iPhone
		{D095781B-B1B6-4FA5-B075-0E68C6D8A907}.Ad-Hoc|iPhoneSimulator.ActiveCfg = Ad-Hoc|iPhoneSimulator
		{D095781B-B1B6-4FA5-B075-0E68C6D8A907}.Ad-Hoc|iPhoneSimulator.Build.0 = Ad-Hoc|iPhoneSimulator
		{D095781B-B1B6-4FA5-B075-0E68C6D8A907}.Ad-Hoc|x64.ActiveCfg = Ad-Hoc|iPhone
		{D095781B-B1B6-4FA5-B075-0E68C6D8A907}.Ad-Hoc|x86.ActiveCfg = Ad-Hoc|iPhone
		{D095781B-B1B6-4FA5-B075-0E68C6D8A907}.AppStore|Any CPU.ActiveCfg = AppStore|iPhone
		{D095781B-B1B6-4FA5-B075-0E68C6D8A907}.AppStore|ARM.ActiveCfg = AppStore|iPhone
		{D095781B-B1B6-4FA5-B075-0E68C6D8A907}.AppStore|iPhone.ActiveCfg = AppStore|iPhone
		{D095781B-B1B6-4FA5-B075-0E68C6D8A907}.AppStore|iPhone.Build.0 = AppStore|iPhone
		{D095781B-B1B6-4FA5-B075-0E68C6D8A907}.AppStore|iPhoneSimulator.ActiveCfg = AppStore|iPhoneSimulator
		{D095781B-B1B6-4FA5-B075-0E68C6D8A907}.AppStore|iPhoneSimulator.Build.0 = AppStore|iPhoneSimulator
		{D095781B-B1B6-4FA5-B075-0E68C6D8A907}.AppStore|x64.ActiveCfg = AppStore|iPhone
		{D095781B-B1B6-4FA5-B075-0E68C6D8A907}.AppStore|x86.ActiveCfg = AppStore|iPhone
		{D095781B-B1B6-4FA5-B075-0E68C6D8A907}.Debug|Any CPU.ActiveCfg = Debug|iPhone
		{D095781B-B1B6-4FA5-B075-0E68C6D8A907}.Debug|ARM.ActiveCfg = Debug|iPhone
		{D095781B-B1B6-4FA5-B075-0E68C6D8A907}.Debug|iPhone.ActiveCfg = Debug|iPhone
		{D095781B-B1B6-4FA5-B075-0E68C6D8A907}.Debug|iPhone.Build.0 = Debug|iPhone
		{D095781B-B1B6-4FA5-B075-0E68C6D8A907}.Debug|iPhoneSimulator.ActiveCfg = Debug|iPhoneSimulator
		{D095781B-B1B6-4FA5-B075-0E68C6D8A907}.Debug|iPhoneSimulator.Build.0 = Debug|iPhoneSimulator
		{D095781B-B1B6-4FA5-B075-0E68C6D8A907}.Debug|x64.ActiveCfg = Debug|iPhone
		{D095781B-B1B6-4FA5-B075-0E68C6D8A907}.Debug|x86.ActiveCfg = Debug|iPhone
		{D095781B-B1B6-4FA5-B075-0E68C6D8A907}.Release|Any CPU.ActiveCfg = Release|iPhone
		{D095781B-B1B6-4FA5-B075-0E68C6D8A907}.Release|ARM.ActiveCfg = Release|iPhone
		{D095781B-B1B6-4FA5-B075-0E68C6D8A907}.Release|iPhone.ActiveCfg = Release|iPhone
		{D095781B-B1B6-4FA5-B075-0E68C6D8A907}.Release|iPhone.Build.0 = Release|iPhone
		{D095781B-B1B6-4FA5-B075-0E68C6D8A907}.Release|iPhoneSimulator.ActiveCfg = Release|iPhoneSimulator
		{D095781B-B1B6-4FA5-B075-0E68C6D8A907}.Release|iPhoneSimulator.Build.0 = Release|iPhoneSimulator
		{D095781B-B1B6-4FA5-B075-0E68C6D8A907}.Release|x64.ActiveCfg = Release|iPhone
		{D095781B-B1B6-4FA5-B075-0E68C6D8A907}.Release|x86.ActiveCfg = Release|iPhone
		{FE568800-69C0-4E1A-88B5-12941A50FC77}.Ad-Hoc|Any CPU.ActiveCfg = AppStore|Any CPU
		{FE568800-69C0-4E1A-88B5-12941A50FC77}.Ad-Hoc|Any CPU.Build.0 = AppStore|Any CPU
		{FE568800-69C0-4E1A-88B5-12941A50FC77}.Ad-Hoc|ARM.ActiveCfg = AppStore|Any CPU
		{FE568800-69C0-4E1A-88B5-12941A50FC77}.Ad-Hoc|ARM.Build.0 = AppStore|Any CPU
		{FE568800-69C0-4E1A-88B5-12941A50FC77}.Ad-Hoc|iPhone.ActiveCfg = AppStore|Any CPU
		{FE568800-69C0-4E1A-88B5-12941A50FC77}.Ad-Hoc|iPhone.Build.0 = AppStore|Any CPU
		{FE568800-69C0-4E1A-88B5-12941A50FC77}.Ad-Hoc|iPhoneSimulator.ActiveCfg = AppStore|Any CPU
		{FE568800-69C0-4E1A-88B5-12941A50FC77}.Ad-Hoc|iPhoneSimulator.Build.0 = AppStore|Any CPU
		{FE568800-69C0-4E1A-88B5-12941A50FC77}.Ad-Hoc|x64.ActiveCfg = AppStore|Any CPU
		{FE568800-69C0-4E1A-88B5-12941A50FC77}.Ad-Hoc|x64.Build.0 = AppStore|Any CPU
		{FE568800-69C0-4E1A-88B5-12941A50FC77}.Ad-Hoc|x86.ActiveCfg = AppStore|Any CPU
		{FE568800-69C0-4E1A-88B5-12941A50FC77}.Ad-Hoc|x86.Build.0 = AppStore|Any CPU
		{FE568800-69C0-4E1A-88B5-12941A50FC77}.AppStore|Any CPU.ActiveCfg = AppStore|Any CPU
		{FE568800-69C0-4E1A-88B5-12941A50FC77}.AppStore|Any CPU.Build.0 = AppStore|Any CPU
		{FE568800-69C0-4E1A-88B5-12941A50FC77}.AppStore|ARM.ActiveCfg = AppStore|Any CPU
		{FE568800-69C0-4E1A-88B5-12941A50FC77}.AppStore|ARM.Build.0 = AppStore|Any CPU
		{FE568800-69C0-4E1A-88B5-12941A50FC77}.AppStore|iPhone.ActiveCfg = AppStore|Any CPU
		{FE568800-69C0-4E1A-88B5-12941A50FC77}.AppStore|iPhone.Build.0 = AppStore|Any CPU
		{FE568800-69C0-4E1A-88B5-12941A50FC77}.AppStore|iPhoneSimulator.ActiveCfg = AppStore|Any CPU
		{FE568800-69C0-4E1A-88B5-12941A50FC77}.AppStore|iPhoneSimulator.Build.0 = AppStore|Any CPU
		{FE568800-69C0-4E1A-88B5-12941A50FC77}.AppStore|x64.ActiveCfg = AppStore|Any CPU
		{FE568800-69C0-4E1A-88B5-12941A50FC77}.AppStore|x64.Build.0 = AppStore|Any CPU
		{FE568800-69C0-4E1A-88B5-12941A50FC77}.AppStore|x86.ActiveCfg = AppStore|Any CPU
		{FE568800-69C0-4E1A-88B5-12941A50FC77}.AppStore|x86.Build.0 = AppStore|Any CPU
		{FE568800-69C0-4E1A-88B5-12941A50FC77}.Debug|Any CPU.ActiveCfg = Debug|Any CPU
		{FE568800-69C0-4E1A-88B5-12941A50FC77}.Debug|Any CPU.Build.0 = Debug|Any CPU
		{FE568800-69C0-4E1A-88B5-12941A50FC77}.Debug|ARM.ActiveCfg = Debug|Any CPU
		{FE568800-69C0-4E1A-88B5-12941A50FC77}.Debug|ARM.Build.0 = Debug|Any CPU
		{FE568800-69C0-4E1A-88B5-12941A50FC77}.Debug|iPhone.ActiveCfg = Debug|Any CPU
		{FE568800-69C0-4E1A-88B5-12941A50FC77}.Debug|iPhone.Build.0 = Debug|Any CPU
		{FE568800-69C0-4E1A-88B5-12941A50FC77}.Debug|iPhoneSimulator.ActiveCfg = Debug|Any CPU
		{FE568800-69C0-4E1A-88B5-12941A50FC77}.Debug|iPhoneSimulator.Build.0 = Debug|Any CPU
		{FE568800-69C0-4E1A-88B5-12941A50FC77}.Debug|x64.ActiveCfg = Debug|Any CPU
		{FE568800-69C0-4E1A-88B5-12941A50FC77}.Debug|x64.Build.0 = Debug|Any CPU
		{FE568800-69C0-4E1A-88B5-12941A50FC77}.Debug|x86.ActiveCfg = Debug|Any CPU
		{FE568800-69C0-4E1A-88B5-12941A50FC77}.Debug|x86.Build.0 = Debug|Any CPU
		{FE568800-69C0-4E1A-88B5-12941A50FC77}.Release|Any CPU.ActiveCfg = Release|Any CPU
		{FE568800-69C0-4E1A-88B5-12941A50FC77}.Release|Any CPU.Build.0 = Release|Any CPU
		{FE568800-69C0-4E1A-88B5-12941A50FC77}.Release|ARM.ActiveCfg = Release|Any CPU
		{FE568800-69C0-4E1A-88B5-12941A50FC77}.Release|ARM.Build.0 = Release|Any CPU
		{FE568800-69C0-4E1A-88B5-12941A50FC77}.Release|iPhone.ActiveCfg = Release|Any CPU
		{FE568800-69C0-4E1A-88B5-12941A50FC77}.Release|iPhone.Build.0 = Release|Any CPU
		{FE568800-69C0-4E1A-88B5-12941A50FC77}.Release|iPhoneSimulator.ActiveCfg = Release|Any CPU
		{FE568800-69C0-4E1A-88B5-12941A50FC77}.Release|iPhoneSimulator.Build.0 = Release|Any CPU
		{FE568800-69C0-4E1A-88B5-12941A50FC77}.Release|x64.ActiveCfg = Release|Any CPU
		{FE568800-69C0-4E1A-88B5-12941A50FC77}.Release|x64.Build.0 = Release|Any CPU
		{FE568800-69C0-4E1A-88B5-12941A50FC77}.Release|x86.ActiveCfg = Release|Any CPU
		{FE568800-69C0-4E1A-88B5-12941A50FC77}.Release|x86.Build.0 = Release|Any CPU
	EndGlobalSection
	GlobalSection(SolutionProperties) = preSolution
		HideSolutionNode = FALSE
	EndGlobalSection
EndGlobal
