
Microsoft Visual Studio Solution File, Format Version 12.00
# Visual Studio 14
VisualStudioVersion = 14.0.25123.0
MinimumVisualStudioVersion = 10.0.40219.1
Project("{FAE04EC0-301F-11D3-BF4B-00C04F79EFBC}") = "SimpleVoiceDeliverService", "SimpleVoiceReliverService\SimpleVoiceDeliverService.csproj", "{22943E70-3DD6-4439-94F3-72F62DB4722C}"
EndProject
Project("{FAE04EC0-301F-11D3-BF4B-00C04F79EFBC}") = "DeliverServer", "DeliverServer\DeliverServer.csproj", "{E8CF3FFE-7F30-4F68-9A38-1AF5F1BDA3F2}"
EndProject
Project("{FAE04EC0-301F-11D3-BF4B-00C04F79EFBC}") = "VoiceRecorder", "VoiceRecorder\VoiceRecorder.csproj", "{D3C8D58D-03ED-425D-ACD8-4148F603BE8A}"
EndProject
Project("{FAE04EC0-301F-11D3-BF4B-00C04F79EFBC}") = "TryCodeProject", "TryCodeProject\TryCodeProject.csproj", "{26781B16-D338-4150-BA6F-79C7FC1E6FAA}"
EndProject
Project("{FAE04EC0-301F-11D3-BF4B-00C04F79EFBC}") = "NSpeex", "NSpeex\NSpeex.csproj", "{B084CD9F-263F-4106-B049-A244AB880B05}"
EndProject
Project("{FAE04EC0-301F-11D3-BF4B-00C04F79EFBC}") = "TypeScriptWebSocketClient", "TypeScriptWebSocketClient\TypeScriptWebSocketClient.csproj", "{3F66159F-707E-4363-99C0-9F8B8FE382E1}"
EndProject
Project("{FAE04EC0-301F-11D3-BF4B-00C04F79EFBC}") = "ClientTest", "ClientTest\ClientTest.csproj", "{1215553B-4E22-457D-A146-57BE0AC9F56E}"
EndProject
Global
	GlobalSection(SolutionConfigurationPlatforms) = preSolution
		Ad-Hoc|Any CPU = Ad-Hoc|Any CPU
		Ad-Hoc|ARM = Ad-Hoc|ARM
		Ad-Hoc|iPhone = Ad-Hoc|iPhone
		Ad-Hoc|iPhoneSimulator = Ad-Hoc|iPhoneSimulator
		Ad-Hoc|x64 = Ad-Hoc|x64
		Ad-Hoc|x86 = Ad-Hoc|x86
		AppStore|Any CPU = AppStore|Any CPU
		AppStore|ARM = AppStore|ARM
		AppStore|iPhone = AppStore|iPhone
		AppStore|iPhoneSimulator = AppStore|iPhoneSimulator
		AppStore|x64 = AppStore|x64
		AppStore|x86 = AppStore|x86
		Debug|Any CPU = Debug|Any CPU
		Debug|ARM = Debug|ARM
		Debug|iPhone = Debug|iPhone
		Debug|iPhoneSimulator = Debug|iPhoneSimulator
		Debug|x64 = Debug|x64
		Debug|x86 = Debug|x86
		Release|Any CPU = Release|Any CPU
		Release|ARM = Release|ARM
		Release|iPhone = Release|iPhone
		Release|iPhoneSimulator = Release|iPhoneSimulator
		Release|x64 = Release|x64
		Release|x86 = Release|x86
	EndGlobalSection
	GlobalSection(ProjectConfigurationPlatforms) = postSolution
		{22943E70-3DD6-4439-94F3-72F62DB4722C}.Ad-Hoc|Any CPU.ActiveCfg = Release|Any CPU
		{22943E70-3DD6-4439-94F3-72F62DB4722C}.Ad-Hoc|Any CPU.Build.0 = Release|Any CPU
		{22943E70-3DD6-4439-94F3-72F62DB4722C}.Ad-Hoc|ARM.ActiveCfg = Release|Any CPU
		{22943E70-3DD6-4439-94F3-72F62DB4722C}.Ad-Hoc|ARM.Build.0 = Release|Any CPU
		{22943E70-3DD6-4439-94F3-72F62DB4722C}.Ad-Hoc|iPhone.ActiveCfg = Release|Any CPU
		{22943E70-3DD6-4439-94F3-72F62DB4722C}.Ad-Hoc|iPhone.Build.0 = Release|Any CPU
		{22943E70-3DD6-4439-94F3-72F62DB4722C}.Ad-Hoc|iPhoneSimulator.ActiveCfg = Release|Any CPU
		{22943E70-3DD6-4439-94F3-72F62DB4722C}.Ad-Hoc|iPhoneSimulator.Build.0 = Release|Any CPU
		{22943E70-3DD6-4439-94F3-72F62DB4722C}.Ad-Hoc|x64.ActiveCfg = Release|Any CPU
		{22943E70-3DD6-4439-94F3-72F62DB4722C}.Ad-Hoc|x64.Build.0 = Release|Any CPU
		{22943E70-3DD6-4439-94F3-72F62DB4722C}.Ad-Hoc|x86.ActiveCfg = Release|Any CPU
		{22943E70-3DD6-4439-94F3-72F62DB4722C}.Ad-Hoc|x86.Build.0 = Release|Any CPU
		{22943E70-3DD6-4439-94F3-72F62DB4722C}.AppStore|Any CPU.ActiveCfg = Release|Any CPU
		{22943E70-3DD6-4439-94F3-72F62DB4722C}.AppStore|Any CPU.Build.0 = Release|Any CPU
		{22943E70-3DD6-4439-94F3-72F62DB4722C}.AppStore|ARM.ActiveCfg = Release|Any CPU
		{22943E70-3DD6-4439-94F3-72F62DB4722C}.AppStore|ARM.Build.0 = Release|Any CPU
		{22943E70-3DD6-4439-94F3-72F62DB4722C}.AppStore|iPhone.ActiveCfg = Release|Any CPU
		{22943E70-3DD6-4439-94F3-72F62DB4722C}.AppStore|iPhone.Build.0 = Release|Any CPU
		{22943E70-3DD6-4439-94F3-72F62DB4722C}.AppStore|iPhoneSimulator.ActiveCfg = Release|Any CPU
		{22943E70-3DD6-4439-94F3-72F62DB4722C}.AppStore|iPhoneSimulator.Build.0 = Release|Any CPU
		{22943E70-3DD6-4439-94F3-72F62DB4722C}.AppStore|x64.ActiveCfg = Release|Any CPU
		{22943E70-3DD6-4439-94F3-72F62DB4722C}.AppStore|x64.Build.0 = Release|Any CPU
		{22943E70-3DD6-4439-94F3-72F62DB4722C}.AppStore|x86.ActiveCfg = Release|Any CPU
		{22943E70-3DD6-4439-94F3-72F62DB4722C}.AppStore|x86.Build.0 = Release|Any CPU
		{22943E70-3DD6-4439-94F3-72F62DB4722C}.Debug|Any CPU.ActiveCfg = Debug|Any CPU
		{22943E70-3DD6-4439-94F3-72F62DB4722C}.Debug|Any CPU.Build.0 = Debug|Any CPU
		{22943E70-3DD6-4439-94F3-72F62DB4722C}.Debug|ARM.ActiveCfg = Debug|Any CPU
		{22943E70-3DD6-4439-94F3-72F62DB4722C}.Debug|ARM.Build.0 = Debug|Any CPU
		{22943E70-3DD6-4439-94F3-72F62DB4722C}.Debug|iPhone.ActiveCfg = Debug|Any CPU
		{22943E70-3DD6-4439-94F3-72F62DB4722C}.Debug|iPhone.Build.0 = Debug|Any CPU
		{22943E70-3DD6-4439-94F3-72F62DB4722C}.Debug|iPhoneSimulator.ActiveCfg = Debug|Any CPU
		{22943E70-3DD6-4439-94F3-72F62DB4722C}.Debug|iPhoneSimulator.Build.0 = Debug|Any CPU
		{22943E70-3DD6-4439-94F3-72F62DB4722C}.Debug|x64.ActiveCfg = Debug|Any CPU
		{22943E70-3DD6-4439-94F3-72F62DB4722C}.Debug|x64.Build.0 = Debug|Any CPU
		{22943E70-3DD6-4439-94F3-72F62DB4722C}.Debug|x86.ActiveCfg = Debug|Any CPU
		{22943E70-3DD6-4439-94F3-72F62DB4722C}.Debug|x86.Build.0 = Debug|Any CPU
		{22943E70-3DD6-4439-94F3-72F62DB4722C}.Release|Any CPU.ActiveCfg = Release|Any CPU
		{22943E70-3DD6-4439-94F3-72F62DB4722C}.Release|Any CPU.Build.0 = Release|Any CPU
		{22943E70-3DD6-4439-94F3-72F62DB4722C}.Release|ARM.ActiveCfg = Release|Any CPU
		{22943E70-3DD6-4439-94F3-72F62DB4722C}.Release|ARM.Build.0 = Release|Any CPU
		{22943E70-3DD6-4439-94F3-72F62DB4722C}.Release|iPhone.ActiveCfg = Release|Any CPU
		{22943E70-3DD6-4439-94F3-72F62DB4722C}.Release|iPhone.Build.0 = Release|Any CPU
		{22943E70-3DD6-4439-94F3-72F62DB4722C}.Release|iPhoneSimulator.ActiveCfg = Release|Any CPU
		{22943E70-3DD6-4439-94F3-72F62DB4722C}.Release|iPhoneSimulator.Build.0 = Release|Any CPU
		{22943E70-3DD6-4439-94F3-72F62DB4722C}.Release|x64.ActiveCfg = Release|Any CPU
		{22943E70-3DD6-4439-94F3-72F62DB4722C}.Release|x64.Build.0 = Release|Any CPU
		{22943E70-3DD6-4439-94F3-72F62DB4722C}.Release|x86.ActiveCfg = Release|Any CPU
		{22943E70-3DD6-4439-94F3-72F62DB4722C}.Release|x86.Build.0 = Release|Any CPU
		{E8CF3FFE-7F30-4F68-9A38-1AF5F1BDA3F2}.Ad-Hoc|Any CPU.ActiveCfg = Release|Any CPU
		{E8CF3FFE-7F30-4F68-9A38-1AF5F1BDA3F2}.Ad-Hoc|Any CPU.Build.0 = Release|Any CPU
		{E8CF3FFE-7F30-4F68-9A38-1AF5F1BDA3F2}.Ad-Hoc|ARM.ActiveCfg = Release|Any CPU
		{E8CF3FFE-7F30-4F68-9A38-1AF5F1BDA3F2}.Ad-Hoc|ARM.Build.0 = Release|Any CPU
		{E8CF3FFE-7F30-4F68-9A38-1AF5F1BDA3F2}.Ad-Hoc|iPhone.ActiveCfg = Release|Any CPU
		{E8CF3FFE-7F30-4F68-9A38-1AF5F1BDA3F2}.Ad-Hoc|iPhone.Build.0 = Release|Any CPU
		{E8CF3FFE-7F30-4F68-9A38-1AF5F1BDA3F2}.Ad-Hoc|iPhoneSimulator.ActiveCfg = Release|Any CPU
		{E8CF3FFE-7F30-4F68-9A38-1AF5F1BDA3F2}.Ad-Hoc|iPhoneSimulator.Build.0 = Release|Any CPU
		{E8CF3FFE-7F30-4F68-9A38-1AF5F1BDA3F2}.Ad-Hoc|x64.ActiveCfg = Release|Any CPU
		{E8CF3FFE-7F30-4F68-9A38-1AF5F1BDA3F2}.Ad-Hoc|x64.Build.0 = Release|Any CPU
		{E8CF3FFE-7F30-4F68-9A38-1AF5F1BDA3F2}.Ad-Hoc|x86.ActiveCfg = Release|Any CPU
		{E8CF3FFE-7F30-4F68-9A38-1AF5F1BDA3F2}.Ad-Hoc|x86.Build.0 = Release|Any CPU
		{E8CF3FFE-7F30-4F68-9A38-1AF5F1BDA3F2}.AppStore|Any CPU.ActiveCfg = Release|Any CPU
		{E8CF3FFE-7F30-4F68-9A38-1AF5F1BDA3F2}.AppStore|Any CPU.Build.0 = Release|Any CPU
		{E8CF3FFE-7F30-4F68-9A38-1AF5F1BDA3F2}.AppStore|ARM.ActiveCfg = Release|Any CPU
		{E8CF3FFE-7F30-4F68-9A38-1AF5F1BDA3F2}.AppStore|ARM.Build.0 = Release|Any CPU
		{E8CF3FFE-7F30-4F68-9A38-1AF5F1BDA3F2}.AppStore|iPhone.ActiveCfg = Release|Any CPU
		{E8CF3FFE-7F30-4F68-9A38-1AF5F1BDA3F2}.AppStore|iPhone.Build.0 = Release|Any CPU
		{E8CF3FFE-7F30-4F68-9A38-1AF5F1BDA3F2}.AppStore|iPhoneSimulator.ActiveCfg = Release|Any CPU
		{E8CF3FFE-7F30-4F68-9A38-1AF5F1BDA3F2}.AppStore|iPhoneSimulator.Build.0 = Release|Any CPU
		{E8CF3FFE-7F30-4F68-9A38-1AF5F1BDA3F2}.AppStore|x64.ActiveCfg = Release|Any CPU
		{E8CF3FFE-7F30-4F68-9A38-1AF5F1BDA3F2}.AppStore|x64.Build.0 = Release|Any CPU
		{E8CF3FFE-7F30-4F68-9A38-1AF5F1BDA3F2}.AppStore|x86.ActiveCfg = Release|Any CPU
		{E8CF3FFE-7F30-4F68-9A38-1AF5F1BDA3F2}.AppStore|x86.Build.0 = Release|Any CPU
		{E8CF3FFE-7F30-4F68-9A38-1AF5F1BDA3F2}.Debug|Any CPU.ActiveCfg = Debug|Any CPU
		{E8CF3FFE-7F30-4F68-9A38-1AF5F1BDA3F2}.Debug|Any CPU.Build.0 = Debug|Any CPU
		{E8CF3FFE-7F30-4F68-9A38-1AF5F1BDA3F2}.Debug|ARM.ActiveCfg = Debug|Any CPU
		{E8CF3FFE-7F30-4F68-9A38-1AF5F1BDA3F2}.Debug|ARM.Build.0 = Debug|Any CPU
		{E8CF3FFE-7F30-4F68-9A38-1AF5F1BDA3F2}.Debug|iPhone.ActiveCfg = Debug|Any CPU
		{E8CF3FFE-7F30-4F68-9A38-1AF5F1BDA3F2}.Debug|iPhone.Build.0 = Debug|Any CPU
		{E8CF3FFE-7F30-4F68-9A38-1AF5F1BDA3F2}.Debug|iPhoneSimulator.ActiveCfg = Debug|Any CPU
		{E8CF3FFE-7F30-4F68-9A38-1AF5F1BDA3F2}.Debug|iPhoneSimulator.Build.0 = Debug|Any CPU
		{E8CF3FFE-7F30-4F68-9A38-1AF5F1BDA3F2}.Debug|x64.ActiveCfg = Debug|Any CPU
		{E8CF3FFE-7F30-4F68-9A38-1AF5F1BDA3F2}.Debug|x64.Build.0 = Debug|Any CPU
		{E8CF3FFE-7F30-4F68-9A38-1AF5F1BDA3F2}.Debug|x86.ActiveCfg = Debug|Any CPU
		{E8CF3FFE-7F30-4F68-9A38-1AF5F1BDA3F2}.Debug|x86.Build.0 = Debug|Any CPU
		{E8CF3FFE-7F30-4F68-9A38-1AF5F1BDA3F2}.Release|Any CPU.ActiveCfg = Release|Any CPU
		{E8CF3FFE-7F30-4F68-9A38-1AF5F1BDA3F2}.Release|Any CPU.Build.0 = Release|Any CPU
		{E8CF3FFE-7F30-4F68-9A38-1AF5F1BDA3F2}.Release|ARM.ActiveCfg = Release|Any CPU
		{E8CF3FFE-7F30-4F68-9A38-1AF5F1BDA3F2}.Release|ARM.Build.0 = Release|Any CPU
		{E8CF3FFE-7F30-4F68-9A38-1AF5F1BDA3F2}.Release|iPhone.ActiveCfg = Release|Any CPU
		{E8CF3FFE-7F30-4F68-9A38-1AF5F1BDA3F2}.Release|iPhone.Build.0 = Release|Any CPU
		{E8CF3FFE-7F30-4F68-9A38-1AF5F1BDA3F2}.Release|iPhoneSimulator.ActiveCfg = Release|Any CPU
		{E8CF3FFE-7F30-4F68-9A38-1AF5F1BDA3F2}.Release|iPhoneSimulator.Build.0 = Release|Any CPU
		{E8CF3FFE-7F30-4F68-9A38-1AF5F1BDA3F2}.Release|x64.ActiveCfg = Release|Any CPU
		{E8CF3FFE-7F30-4F68-9A38-1AF5F1BDA3F2}.Release|x64.Build.0 = Release|Any CPU
		{E8CF3FFE-7F30-4F68-9A38-1AF5F1BDA3F2}.Release|x86.ActiveCfg = Release|Any CPU
		{E8CF3FFE-7F30-4F68-9A38-1AF5F1BDA3F2}.Release|x86.Build.0 = Release|Any CPU
		{D3C8D58D-03ED-425D-ACD8-4148F603BE8A}.Ad-Hoc|Any CPU.ActiveCfg = Release|Any CPU
		{D3C8D58D-03ED-425D-ACD8-4148F603BE8A}.Ad-Hoc|Any CPU.Build.0 = Release|Any CPU
		{D3C8D58D-03ED-425D-ACD8-4148F603BE8A}.Ad-Hoc|ARM.ActiveCfg = Release|Any CPU
		{D3C8D58D-03ED-425D-ACD8-4148F603BE8A}.Ad-Hoc|ARM.Build.0 = Release|Any CPU
		{D3C8D58D-03ED-425D-ACD8-4148F603BE8A}.Ad-Hoc|iPhone.ActiveCfg = Release|Any CPU
		{D3C8D58D-03ED-425D-ACD8-4148F603BE8A}.Ad-Hoc|iPhone.Build.0 = Release|Any CPU
		{D3C8D58D-03ED-425D-ACD8-4148F603BE8A}.Ad-Hoc|iPhoneSimulator.ActiveCfg = Release|Any CPU
		{D3C8D58D-03ED-425D-ACD8-4148F603BE8A}.Ad-Hoc|iPhoneSimulator.Build.0 = Release|Any CPU
		{D3C8D58D-03ED-425D-ACD8-4148F603BE8A}.Ad-Hoc|x64.ActiveCfg = Release|Any CPU
		{D3C8D58D-03ED-425D-ACD8-4148F603BE8A}.Ad-Hoc|x64.Build.0 = Release|Any CPU
		{D3C8D58D-03ED-425D-ACD8-4148F603BE8A}.Ad-Hoc|x86.ActiveCfg = Release|Any CPU
		{D3C8D58D-03ED-425D-ACD8-4148F603BE8A}.Ad-Hoc|x86.Build.0 = Release|Any CPU
		{D3C8D58D-03ED-425D-ACD8-4148F603BE8A}.AppStore|Any CPU.ActiveCfg = Release|Any CPU
		{D3C8D58D-03ED-425D-ACD8-4148F603BE8A}.AppStore|Any CPU.Build.0 = Release|Any CPU
		{D3C8D58D-03ED-425D-ACD8-4148F603BE8A}.AppStore|ARM.ActiveCfg = Release|Any CPU
		{D3C8D58D-03ED-425D-ACD8-4148F603BE8A}.AppStore|ARM.Build.0 = Release|Any CPU
		{D3C8D58D-03ED-425D-ACD8-4148F603BE8A}.AppStore|iPhone.ActiveCfg = Release|Any CPU
		{D3C8D58D-03ED-425D-ACD8-4148F603BE8A}.AppStore|iPhone.Build.0 = Release|Any CPU
		{D3C8D58D-03ED-425D-ACD8-4148F603BE8A}.AppStore|iPhoneSimulator.ActiveCfg = Release|Any CPU
		{D3C8D58D-03ED-425D-ACD8-4148F603BE8A}.AppStore|iPhoneSimulator.Build.0 = Release|Any CPU
		{D3C8D58D-03ED-425D-ACD8-4148F603BE8A}.AppStore|x64.ActiveCfg = Release|Any CPU
		{D3C8D58D-03ED-425D-ACD8-4148F603BE8A}.AppStore|x64.Build.0 = Release|Any CPU
		{D3C8D58D-03ED-425D-ACD8-4148F603BE8A}.AppStore|x86.ActiveCfg = Release|Any CPU
		{D3C8D58D-03ED-425D-ACD8-4148F603BE8A}.AppStore|x86.Build.0 = Release|Any CPU
		{D3C8D58D-03ED-425D-ACD8-4148F603BE8A}.Debug|Any CPU.ActiveCfg = Debug|Any CPU
		{D3C8D58D-03ED-425D-ACD8-4148F603BE8A}.Debug|Any CPU.Build.0 = Debug|Any CPU
		{D3C8D58D-03ED-425D-ACD8-4148F603BE8A}.Debug|ARM.ActiveCfg = Debug|Any CPU
		{D3C8D58D-03ED-425D-ACD8-4148F603BE8A}.Debug|ARM.Build.0 = Debug|Any CPU
		{D3C8D58D-03ED-425D-ACD8-4148F603BE8A}.Debug|iPhone.ActiveCfg = Debug|Any CPU
		{D3C8D58D-03ED-425D-ACD8-4148F603BE8A}.Debug|iPhone.Build.0 = Debug|Any CPU
		{D3C8D58D-03ED-425D-ACD8-4148F603BE8A}.Debug|iPhoneSimulator.ActiveCfg = Debug|Any CPU
		{D3C8D58D-03ED-425D-ACD8-4148F603BE8A}.Debug|iPhoneSimulator.Build.0 = Debug|Any CPU
		{D3C8D58D-03ED-425D-ACD8-4148F603BE8A}.Debug|x64.ActiveCfg = Debug|Any CPU
		{D3C8D58D-03ED-425D-ACD8-4148F603BE8A}.Debug|x64.Build.0 = Debug|Any CPU
		{D3C8D58D-03ED-425D-ACD8-4148F603BE8A}.Debug|x86.ActiveCfg = Debug|Any CPU
		{D3C8D58D-03ED-425D-ACD8-4148F603BE8A}.Debug|x86.Build.0 = Debug|Any CPU
		{D3C8D58D-03ED-425D-ACD8-4148F603BE8A}.Release|Any CPU.ActiveCfg = Release|Any CPU
		{D3C8D58D-03ED-425D-ACD8-4148F603BE8A}.Release|Any CPU.Build.0 = Release|Any CPU
		{D3C8D58D-03ED-425D-ACD8-4148F603BE8A}.Release|ARM.ActiveCfg = Release|Any CPU
		{D3C8D58D-03ED-425D-ACD8-4148F603BE8A}.Release|ARM.Build.0 = Release|Any CPU
		{D3C8D58D-03ED-425D-ACD8-4148F603BE8A}.Release|iPhone.ActiveCfg = Release|Any CPU
		{D3C8D58D-03ED-425D-ACD8-4148F603BE8A}.Release|iPhone.Build.0 = Release|Any CPU
		{D3C8D58D-03ED-425D-ACD8-4148F603BE8A}.Release|iPhoneSimulator.ActiveCfg = Release|Any CPU
		{D3C8D58D-03ED-425D-ACD8-4148F603BE8A}.Release|iPhoneSimulator.Build.0 = Release|Any CPU
		{D3C8D58D-03ED-425D-ACD8-4148F603BE8A}.Release|x64.ActiveCfg = Release|Any CPU
		{D3C8D58D-03ED-425D-ACD8-4148F603BE8A}.Release|x64.Build.0 = Release|Any CPU
		{D3C8D58D-03ED-425D-ACD8-4148F603BE8A}.Release|x86.ActiveCfg = Release|Any CPU
		{D3C8D58D-03ED-425D-ACD8-4148F603BE8A}.Release|x86.Build.0 = Release|Any CPU
		{26781B16-D338-4150-BA6F-79C7FC1E6FAA}.Ad-Hoc|Any CPU.ActiveCfg = Release|Any CPU
		{26781B16-D338-4150-BA6F-79C7FC1E6FAA}.Ad-Hoc|Any CPU.Build.0 = Release|Any CPU
		{26781B16-D338-4150-BA6F-79C7FC1E6FAA}.Ad-Hoc|ARM.ActiveCfg = Release|Any CPU
		{26781B16-D338-4150-BA6F-79C7FC1E6FAA}.Ad-Hoc|ARM.Build.0 = Release|Any CPU
		{26781B16-D338-4150-BA6F-79C7FC1E6FAA}.Ad-Hoc|iPhone.ActiveCfg = Release|Any CPU
		{26781B16-D338-4150-BA6F-79C7FC1E6FAA}.Ad-Hoc|iPhone.Build.0 = Release|Any CPU
		{26781B16-D338-4150-BA6F-79C7FC1E6FAA}.Ad-Hoc|iPhoneSimulator.ActiveCfg = Release|Any CPU
		{26781B16-D338-4150-BA6F-79C7FC1E6FAA}.Ad-Hoc|iPhoneSimulator.Build.0 = Release|Any CPU
		{26781B16-D338-4150-BA6F-79C7FC1E6FAA}.Ad-Hoc|x64.ActiveCfg = Release|Any CPU
		{26781B16-D338-4150-BA6F-79C7FC1E6FAA}.Ad-Hoc|x64.Build.0 = Release|Any CPU
		{26781B16-D338-4150-BA6F-79C7FC1E6FAA}.Ad-Hoc|x86.ActiveCfg = Release|Any CPU
		{26781B16-D338-4150-BA6F-79C7FC1E6FAA}.Ad-Hoc|x86.Build.0 = Release|Any CPU
		{26781B16-D338-4150-BA6F-79C7FC1E6FAA}.AppStore|Any CPU.ActiveCfg = Release|Any CPU
		{26781B16-D338-4150-BA6F-79C7FC1E6FAA}.AppStore|Any CPU.Build.0 = Release|Any CPU
		{26781B16-D338-4150-BA6F-79C7FC1E6FAA}.AppStore|ARM.ActiveCfg = Release|Any CPU
		{26781B16-D338-4150-BA6F-79C7FC1E6FAA}.AppStore|ARM.Build.0 = Release|Any CPU
		{26781B16-D338-4150-BA6F-79C7FC1E6FAA}.AppStore|iPhone.ActiveCfg = Release|Any CPU
		{26781B16-D338-4150-BA6F-79C7FC1E6FAA}.AppStore|iPhone.Build.0 = Release|Any CPU
		{26781B16-D338-4150-BA6F-79C7FC1E6FAA}.AppStore|iPhoneSimulator.ActiveCfg = Release|Any CPU
		{26781B16-D338-4150-BA6F-79C7FC1E6FAA}.AppStore|iPhoneSimulator.Build.0 = Release|Any CPU
		{26781B16-D338-4150-BA6F-79C7FC1E6FAA}.AppStore|x64.ActiveCfg = Release|Any CPU
		{26781B16-D338-4150-BA6F-79C7FC1E6FAA}.AppStore|x64.Build.0 = Release|Any CPU
		{26781B16-D338-4150-BA6F-79C7FC1E6FAA}.AppStore|x86.ActiveCfg = Release|Any CPU
		{26781B16-D338-4150-BA6F-79C7FC1E6FAA}.AppStore|x86.Build.0 = Release|Any CPU
		{26781B16-D338-4150-BA6F-79C7FC1E6FAA}.Debug|Any CPU.ActiveCfg = Debug|Any CPU
		{26781B16-D338-4150-BA6F-79C7FC1E6FAA}.Debug|Any CPU.Build.0 = Debug|Any CPU
		{26781B16-D338-4150-BA6F-79C7FC1E6FAA}.Debug|ARM.ActiveCfg = Debug|Any CPU
		{26781B16-D338-4150-BA6F-79C7FC1E6FAA}.Debug|ARM.Build.0 = Debug|Any CPU
		{26781B16-D338-4150-BA6F-79C7FC1E6FAA}.Debug|iPhone.ActiveCfg = Debug|Any CPU
		{26781B16-D338-4150-BA6F-79C7FC1E6FAA}.Debug|iPhone.Build.0 = Debug|Any CPU
		{26781B16-D338-4150-BA6F-79C7FC1E6FAA}.Debug|iPhoneSimulator.ActiveCfg = Debug|Any CPU
		{26781B16-D338-4150-BA6F-79C7FC1E6FAA}.Debug|iPhoneSimulator.Build.0 = Debug|Any CPU
		{26781B16-D338-4150-BA6F-79C7FC1E6FAA}.Debug|x64.ActiveCfg = Debug|Any CPU
		{26781B16-D338-4150-BA6F-79C7FC1E6FAA}.Debug|x64.Build.0 = Debug|Any CPU
		{26781B16-D338-4150-BA6F-79C7FC1E6FAA}.Debug|x86.ActiveCfg = Debug|Any CPU
		{26781B16-D338-4150-BA6F-79C7FC1E6FAA}.Debug|x86.Build.0 = Debug|Any CPU
		{26781B16-D338-4150-BA6F-79C7FC1E6FAA}.Release|Any CPU.ActiveCfg = Release|Any CPU
		{26781B16-D338-4150-BA6F-79C7FC1E6FAA}.Release|Any CPU.Build.0 = Release|Any CPU
		{26781B16-D338-4150-BA6F-79C7FC1E6FAA}.Release|ARM.ActiveCfg = Release|Any CPU
		{26781B16-D338-4150-BA6F-79C7FC1E6FAA}.Release|ARM.Build.0 = Release|Any CPU
		{26781B16-D338-4150-BA6F-79C7FC1E6FAA}.Release|iPhone.ActiveCfg = Release|Any CPU
		{26781B16-D338-4150-BA6F-79C7FC1E6FAA}.Release|iPhone.Build.0 = Release|Any CPU
		{26781B16-D338-4150-BA6F-79C7FC1E6FAA}.Release|iPhoneSimulator.ActiveCfg = Release|Any CPU
		{26781B16-D338-4150-BA6F-79C7FC1E6FAA}.Release|iPhoneSimulator.Build.0 = Release|Any CPU
		{26781B16-D338-4150-BA6F-79C7FC1E6FAA}.Release|x64.ActiveCfg = Release|Any CPU
		{26781B16-D338-4150-BA6F-79C7FC1E6FAA}.Release|x64.Build.0 = Release|Any CPU
		{26781B16-D338-4150-BA6F-79C7FC1E6FAA}.Release|x86.ActiveCfg = Release|Any CPU
		{26781B16-D338-4150-BA6F-79C7FC1E6FAA}.Release|x86.Build.0 = Release|Any CPU
		{B084CD9F-263F-4106-B049-A244AB880B05}.Ad-Hoc|Any CPU.ActiveCfg = Release|Any CPU
		{B084CD9F-263F-4106-B049-A244AB880B05}.Ad-Hoc|Any CPU.Build.0 = Release|Any CPU
		{B084CD9F-263F-4106-B049-A244AB880B05}.Ad-Hoc|ARM.ActiveCfg = Release|Any CPU
		{B084CD9F-263F-4106-B049-A244AB880B05}.Ad-Hoc|ARM.Build.0 = Release|Any CPU
		{B084CD9F-263F-4106-B049-A244AB880B05}.Ad-Hoc|iPhone.ActiveCfg = Release|Any CPU
		{B084CD9F-263F-4106-B049-A244AB880B05}.Ad-Hoc|iPhone.Build.0 = Release|Any CPU
		{B084CD9F-263F-4106-B049-A244AB880B05}.Ad-Hoc|iPhoneSimulator.ActiveCfg = Release|Any CPU
		{B084CD9F-263F-4106-B049-A244AB880B05}.Ad-Hoc|iPhoneSimulator.Build.0 = Release|Any CPU
		{B084CD9F-263F-4106-B049-A244AB880B05}.Ad-Hoc|x64.ActiveCfg = Release|Any CPU
		{B084CD9F-263F-4106-B049-A244AB880B05}.Ad-Hoc|x64.Build.0 = Release|Any CPU
		{B084CD9F-263F-4106-B049-A244AB880B05}.Ad-Hoc|x86.ActiveCfg = Release|x86
		{B084CD9F-263F-4106-B049-A244AB880B05}.Ad-Hoc|x86.Build.0 = Release|x86
		{B084CD9F-263F-4106-B049-A244AB880B05}.AppStore|Any CPU.ActiveCfg = Release|Any CPU
		{B084CD9F-263F-4106-B049-A244AB880B05}.AppStore|Any CPU.Build.0 = Release|Any CPU
		{B084CD9F-263F-4106-B049-A244AB880B05}.AppStore|ARM.ActiveCfg = Release|Any CPU
		{B084CD9F-263F-4106-B049-A244AB880B05}.AppStore|ARM.Build.0 = Release|Any CPU
		{B084CD9F-263F-4106-B049-A244AB880B05}.AppStore|iPhone.ActiveCfg = Release|Any CPU
		{B084CD9F-263F-4106-B049-A244AB880B05}.AppStore|iPhone.Build.0 = Release|Any CPU
		{B084CD9F-263F-4106-B049-A244AB880B05}.AppStore|iPhoneSimulator.ActiveCfg = Release|Any CPU
		{B084CD9F-263F-4106-B049-A244AB880B05}.AppStore|iPhoneSimulator.Build.0 = Release|Any CPU
		{B084CD9F-263F-4106-B049-A244AB880B05}.AppStore|x64.ActiveCfg = Release|Any CPU
		{B084CD9F-263F-4106-B049-A244AB880B05}.AppStore|x64.Build.0 = Release|Any CPU
		{B084CD9F-263F-4106-B049-A244AB880B05}.AppStore|x86.ActiveCfg = Release|x86
		{B084CD9F-263F-4106-B049-A244AB880B05}.AppStore|x86.Build.0 = Release|x86
		{B084CD9F-263F-4106-B049-A244AB880B05}.Debug|Any CPU.ActiveCfg = Debug|Any CPU
		{B084CD9F-263F-4106-B049-A244AB880B05}.Debug|Any CPU.Build.0 = Debug|Any CPU
		{B084CD9F-263F-4106-B049-A244AB880B05}.Debug|ARM.ActiveCfg = Debug|Any CPU
		{B084CD9F-263F-4106-B049-A244AB880B05}.Debug|ARM.Build.0 = Debug|Any CPU
		{B084CD9F-263F-4106-B049-A244AB880B05}.Debug|iPhone.ActiveCfg = Debug|Any CPU
		{B084CD9F-263F-4106-B049-A244AB880B05}.Debug|iPhone.Build.0 = Debug|Any CPU
		{B084CD9F-263F-4106-B049-A244AB880B05}.Debug|iPhoneSimulator.ActiveCfg = Debug|Any CPU
		{B084CD9F-263F-4106-B049-A244AB880B05}.Debug|iPhoneSimulator.Build.0 = Debug|Any CPU
		{B084CD9F-263F-4106-B049-A244AB880B05}.Debug|x64.ActiveCfg = Debug|Any CPU
		{B084CD9F-263F-4106-B049-A244AB880B05}.Debug|x64.Build.0 = Debug|Any CPU
		{B084CD9F-263F-4106-B049-A244AB880B05}.Debug|x86.ActiveCfg = Debug|x86
		{B084CD9F-263F-4106-B049-A244AB880B05}.Debug|x86.Build.0 = Debug|x86
		{B084CD9F-263F-4106-B049-A244AB880B05}.Release|Any CPU.ActiveCfg = Release|Any CPU
		{B084CD9F-263F-4106-B049-A244AB880B05}.Release|Any CPU.Build.0 = Release|Any CPU
		{B084CD9F-263F-4106-B049-A244AB880B05}.Release|ARM.ActiveCfg = Release|Any CPU
		{B084CD9F-263F-4106-B049-A244AB880B05}.Release|ARM.Build.0 = Release|Any CPU
		{B084CD9F-263F-4106-B049-A244AB880B05}.Release|iPhone.ActiveCfg = Release|Any CPU
		{B084CD9F-263F-4106-B049-A244AB880B05}.Release|iPhone.Build.0 = Release|Any CPU
		{B084CD9F-263F-4106-B049-A244AB880B05}.Release|iPhoneSimulator.ActiveCfg = Release|Any CPU
		{B084CD9F-263F-4106-B049-A244AB880B05}.Release|iPhoneSimulator.Build.0 = Release|Any CPU
		{B084CD9F-263F-4106-B049-A244AB880B05}.Release|x64.ActiveCfg = Release|Any CPU
		{B084CD9F-263F-4106-B049-A244AB880B05}.Release|x64.Build.0 = Release|Any CPU
		{B084CD9F-263F-4106-B049-A244AB880B05}.Release|x86.ActiveCfg = Release|x86
		{B084CD9F-263F-4106-B049-A244AB880B05}.Release|x86.Build.0 = Release|x86
		{3F66159F-707E-4363-99C0-9F8B8FE382E1}.Ad-Hoc|Any CPU.ActiveCfg = Debug|Any CPU
		{3F66159F-707E-4363-99C0-9F8B8FE382E1}.Ad-Hoc|Any CPU.Build.0 = Debug|Any CPU
		{3F66159F-707E-4363-99C0-9F8B8FE382E1}.Ad-Hoc|ARM.ActiveCfg = Debug|Any CPU
		{3F66159F-707E-4363-99C0-9F8B8FE382E1}.Ad-Hoc|ARM.Build.0 = Debug|Any CPU
		{3F66159F-707E-4363-99C0-9F8B8FE382E1}.Ad-Hoc|iPhone.ActiveCfg = Debug|Any CPU
		{3F66159F-707E-4363-99C0-9F8B8FE382E1}.Ad-Hoc|iPhone.Build.0 = Debug|Any CPU
		{3F66159F-707E-4363-99C0-9F8B8FE382E1}.Ad-Hoc|iPhoneSimulator.ActiveCfg = Debug|Any CPU
		{3F66159F-707E-4363-99C0-9F8B8FE382E1}.Ad-Hoc|iPhoneSimulator.Build.0 = Debug|Any CPU
		{3F66159F-707E-4363-99C0-9F8B8FE382E1}.Ad-Hoc|x64.ActiveCfg = Debug|Any CPU
		{3F66159F-707E-4363-99C0-9F8B8FE382E1}.Ad-Hoc|x64.Build.0 = Debug|Any CPU
		{3F66159F-707E-4363-99C0-9F8B8FE382E1}.Ad-Hoc|x86.ActiveCfg = Debug|Any CPU
		{3F66159F-707E-4363-99C0-9F8B8FE382E1}.Ad-Hoc|x86.Build.0 = Debug|Any CPU
		{3F66159F-707E-4363-99C0-9F8B8FE382E1}.AppStore|Any CPU.ActiveCfg = Debug|Any CPU
		{3F66159F-707E-4363-99C0-9F8B8FE382E1}.AppStore|Any CPU.Build.0 = Debug|Any CPU
		{3F66159F-707E-4363-99C0-9F8B8FE382E1}.AppStore|ARM.ActiveCfg = Debug|Any CPU
		{3F66159F-707E-4363-99C0-9F8B8FE382E1}.AppStore|ARM.Build.0 = Debug|Any CPU
		{3F66159F-707E-4363-99C0-9F8B8FE382E1}.AppStore|iPhone.ActiveCfg = Debug|Any CPU
		{3F66159F-707E-4363-99C0-9F8B8FE382E1}.AppStore|iPhone.Build.0 = Debug|Any CPU
		{3F66159F-707E-4363-99C0-9F8B8FE382E1}.AppStore|iPhoneSimulator.ActiveCfg = Debug|Any CPU
		{3F66159F-707E-4363-99C0-9F8B8FE382E1}.AppStore|iPhoneSimulator.Build.0 = Debug|Any CPU
		{3F66159F-707E-4363-99C0-9F8B8FE382E1}.AppStore|x64.ActiveCfg = Debug|Any CPU
		{3F66159F-707E-4363-99C0-9F8B8FE382E1}.AppStore|x64.Build.0 = Debug|Any CPU
		{3F66159F-707E-4363-99C0-9F8B8FE382E1}.AppStore|x86.ActiveCfg = Debug|Any CPU
		{3F66159F-707E-4363-99C0-9F8B8FE382E1}.AppStore|x86.Build.0 = Debug|Any CPU
		{3F66159F-707E-4363-99C0-9F8B8FE382E1}.Debug|Any CPU.ActiveCfg = Debug|Any CPU
		{3F66159F-707E-4363-99C0-9F8B8FE382E1}.Debug|Any CPU.Build.0 = Debug|Any CPU
		{3F66159F-707E-4363-99C0-9F8B8FE382E1}.Debug|ARM.ActiveCfg = Debug|Any CPU
		{3F66159F-707E-4363-99C0-9F8B8FE382E1}.Debug|ARM.Build.0 = Debug|Any CPU
		{3F66159F-707E-4363-99C0-9F8B8FE382E1}.Debug|iPhone.ActiveCfg = Debug|Any CPU
		{3F66159F-707E-4363-99C0-9F8B8FE382E1}.Debug|iPhone.Build.0 = Debug|Any CPU
		{3F66159F-707E-4363-99C0-9F8B8FE382E1}.Debug|iPhoneSimulator.ActiveCfg = Debug|Any CPU
		{3F66159F-707E-4363-99C0-9F8B8FE382E1}.Debug|iPhoneSimulator.Build.0 = Debug|Any CPU
		{3F66159F-707E-4363-99C0-9F8B8FE382E1}.Debug|x64.ActiveCfg = Debug|Any CPU
		{3F66159F-707E-4363-99C0-9F8B8FE382E1}.Debug|x64.Build.0 = Debug|Any CPU
		{3F66159F-707E-4363-99C0-9F8B8FE382E1}.Debug|x86.ActiveCfg = Debug|Any CPU
		{3F66159F-707E-4363-99C0-9F8B8FE382E1}.Debug|x86.Build.0 = Debug|Any CPU
		{3F66159F-707E-4363-99C0-9F8B8FE382E1}.Release|Any CPU.ActiveCfg = Release|Any CPU
		{3F66159F-707E-4363-99C0-9F8B8FE382E1}.Release|Any CPU.Build.0 = Release|Any CPU
		{3F66159F-707E-4363-99C0-9F8B8FE382E1}.Release|ARM.ActiveCfg = Release|Any CPU
		{3F66159F-707E-4363-99C0-9F8B8FE382E1}.Release|ARM.Build.0 = Release|Any CPU
		{3F66159F-707E-4363-99C0-9F8B8FE382E1}.Release|iPhone.ActiveCfg = Release|Any CPU
		{3F66159F-707E-4363-99C0-9F8B8FE382E1}.Release|iPhone.Build.0 = Release|Any CPU
		{3F66159F-707E-4363-99C0-9F8B8FE382E1}.Release|iPhoneSimulator.ActiveCfg = Release|Any CPU
		{3F66159F-707E-4363-99C0-9F8B8FE382E1}.Release|iPhoneSimulator.Build.0 = Release|Any CPU
		{3F66159F-707E-4363-99C0-9F8B8FE382E1}.Release|x64.ActiveCfg = Release|Any CPU
		{3F66159F-707E-4363-99C0-9F8B8FE382E1}.Release|x64.Build.0 = Release|Any CPU
		{3F66159F-707E-4363-99C0-9F8B8FE382E1}.Release|x86.ActiveCfg = Release|Any CPU
		{3F66159F-707E-4363-99C0-9F8B8FE382E1}.Release|x86.Build.0 = Release|Any CPU
		{1215553B-4E22-457D-A146-57BE0AC9F56E}.Ad-Hoc|Any CPU.ActiveCfg = Release|Any CPU
		{1215553B-4E22-457D-A146-57BE0AC9F56E}.Ad-Hoc|Any CPU.Build.0 = Release|Any CPU
		{1215553B-4E22-457D-A146-57BE0AC9F56E}.Ad-Hoc|ARM.ActiveCfg = Release|Any CPU
		{1215553B-4E22-457D-A146-57BE0AC9F56E}.Ad-Hoc|ARM.Build.0 = Release|Any CPU
		{1215553B-4E22-457D-A146-57BE0AC9F56E}.Ad-Hoc|iPhone.ActiveCfg = Release|Any CPU
		{1215553B-4E22-457D-A146-57BE0AC9F56E}.Ad-Hoc|iPhone.Build.0 = Release|Any CPU
		{1215553B-4E22-457D-A146-57BE0AC9F56E}.Ad-Hoc|iPhoneSimulator.ActiveCfg = Release|Any CPU
		{1215553B-4E22-457D-A146-57BE0AC9F56E}.Ad-Hoc|iPhoneSimulator.Build.0 = Release|Any CPU
		{1215553B-4E22-457D-A146-57BE0AC9F56E}.Ad-Hoc|x64.ActiveCfg = Release|Any CPU
		{1215553B-4E22-457D-A146-57BE0AC9F56E}.Ad-Hoc|x64.Build.0 = Release|Any CPU
		{1215553B-4E22-457D-A146-57BE0AC9F56E}.Ad-Hoc|x86.ActiveCfg = Release|Any CPU
		{1215553B-4E22-457D-A146-57BE0AC9F56E}.Ad-Hoc|x86.Build.0 = Release|Any CPU
		{1215553B-4E22-457D-A146-57BE0AC9F56E}.AppStore|Any CPU.ActiveCfg = Release|Any CPU
		{1215553B-4E22-457D-A146-57BE0AC9F56E}.AppStore|Any CPU.Build.0 = Release|Any CPU
		{1215553B-4E22-457D-A146-57BE0AC9F56E}.AppStore|ARM.ActiveCfg = Release|Any CPU
		{1215553B-4E22-457D-A146-57BE0AC9F56E}.AppStore|ARM.Build.0 = Release|Any CPU
		{1215553B-4E22-457D-A146-57BE0AC9F56E}.AppStore|iPhone.ActiveCfg = Release|Any CPU
		{1215553B-4E22-457D-A146-57BE0AC9F56E}.AppStore|iPhone.Build.0 = Release|Any CPU
		{1215553B-4E22-457D-A146-57BE0AC9F56E}.AppStore|iPhoneSimulator.ActiveCfg = Release|Any CPU
		{1215553B-4E22-457D-A146-57BE0AC9F56E}.AppStore|iPhoneSimulator.Build.0 = Release|Any CPU
		{1215553B-4E22-457D-A146-57BE0AC9F56E}.AppStore|x64.ActiveCfg = Release|Any CPU
		{1215553B-4E22-457D-A146-57BE0AC9F56E}.AppStore|x64.Build.0 = Release|Any CPU
		{1215553B-4E22-457D-A146-57BE0AC9F56E}.AppStore|x86.ActiveCfg = Release|Any CPU
		{1215553B-4E22-457D-A146-57BE0AC9F56E}.AppStore|x86.Build.0 = Release|Any CPU
		{1215553B-4E22-457D-A146-57BE0AC9F56E}.Debug|Any CPU.ActiveCfg = Debug|Any CPU
		{1215553B-4E22-457D-A146-57BE0AC9F56E}.Debug|Any CPU.Build.0 = Debug|Any CPU
		{1215553B-4E22-457D-A146-57BE0AC9F56E}.Debug|ARM.ActiveCfg = Debug|Any CPU
		{1215553B-4E22-457D-A146-57BE0AC9F56E}.Debug|ARM.Build.0 = Debug|Any CPU
		{1215553B-4E22-457D-A146-57BE0AC9F56E}.Debug|iPhone.ActiveCfg = Debug|Any CPU
		{1215553B-4E22-457D-A146-57BE0AC9F56E}.Debug|iPhone.Build.0 = Debug|Any CPU
		{1215553B-4E22-457D-A146-57BE0AC9F56E}.Debug|iPhoneSimulator.ActiveCfg = Debug|Any CPU
		{1215553B-4E22-457D-A146-57BE0AC9F56E}.Debug|iPhoneSimulator.Build.0 = Debug|Any CPU
		{1215553B-4E22-457D-A146-57BE0AC9F56E}.Debug|x64.ActiveCfg = Debug|Any CPU
		{1215553B-4E22-457D-A146-57BE0AC9F56E}.Debug|x64.Build.0 = Debug|Any CPU
		{1215553B-4E22-457D-A146-57BE0AC9F56E}.Debug|x86.ActiveCfg = Debug|Any CPU
		{1215553B-4E22-457D-A146-57BE0AC9F56E}.Debug|x86.Build.0 = Debug|Any CPU
		{1215553B-4E22-457D-A146-57BE0AC9F56E}.Release|Any CPU.ActiveCfg = Release|Any CPU
		{1215553B-4E22-457D-A146-57BE0AC9F56E}.Release|Any CPU.Build.0 = Release|Any CPU
		{1215553B-4E22-457D-A146-57BE0AC9F56E}.Release|ARM.ActiveCfg = Release|Any CPU
		{1215553B-4E22-457D-A146-57BE0AC9F56E}.Release|ARM.Build.0 = Release|Any CPU
		{1215553B-4E22-457D-A146-57BE0AC9F56E}.Release|iPhone.ActiveCfg = Release|Any CPU
		{1215553B-4E22-457D-A146-57BE0AC9F56E}.Release|iPhone.Build.0 = Release|Any CPU
		{1215553B-4E22-457D-A146-57BE0AC9F56E}.Release|iPhoneSimulator.ActiveCfg = Release|Any CPU
		{1215553B-4E22-457D-A146-57BE0AC9F56E}.Release|iPhoneSimulator.Build.0 = Release|Any CPU
		{1215553B-4E22-457D-A146-57BE0AC9F56E}.Release|x64.ActiveCfg = Release|Any CPU
		{1215553B-4E22-457D-A146-57BE0AC9F56E}.Release|x64.Build.0 = Release|Any CPU
		{1215553B-4E22-457D-A146-57BE0AC9F56E}.Release|x86.ActiveCfg = Release|Any CPU
		{1215553B-4E22-457D-A146-57BE0AC9F56E}.Release|x86.Build.0 = Release|Any CPU
	EndGlobalSection
	GlobalSection(SolutionProperties) = preSolution
		HideSolutionNode = FALSE
	EndGlobalSection
EndGlobal
